// !$*UTF8*$!
{
	archiveVersion = 1;
	classes = {
	};
	objectVersion = 48;
	objects = {

/* Begin PBXBuildFile section */
		013BAC24F7AC722E59517CB110A9E685 /* HTTPMethod.swift in Sources */ = {isa = PBXBuildFile; fileRef = 5374449B3751E48D6CA07B3B329AD2A5 /* HTTPMethod.swift */; };
		0167C8014E2488B83A9F1FD66249D399 /* CallbackQueue.swift in Sources */ = {isa = PBXBuildFile; fileRef = 9EAD691A0DAB630844811E2374D9EAC6 /* CallbackQueue.swift */; };
		031CA4456BCA8423DDDF1E0B8F1E3176 /* KingfisherManager.swift in Sources */ = {isa = PBXBuildFile; fileRef = 38615BAA787AF86D3CAC7CEED8F6A001 /* KingfisherManager.swift */; };
		03601FE8DD8E68F3D64BB8E7C8372099 /* ImageProcessor.swift in Sources */ = {isa = PBXBuildFile; fileRef = 8D1AD9751FFDFA111BB550CA36BE07F0 /* ImageProcessor.swift */; };
		049A63D94BC0E530FF440A23B3689649 /* FormatIndicatedCacheSerializer.swift in Sources */ = {isa = PBXBuildFile; fileRef = E803E94A458029751DAF60502C51506B /* FormatIndicatedCacheSerializer.swift */; };
		06F4CE9E4328FB3D26839CFB41C38B5C /* Resource.swift in Sources */ = {isa = PBXBuildFile; fileRef = 2306F2495D5DC32D5D7E72ED0301EFAA /* Resource.swift */; };
		0A1849775CF90D514963187D3A771CF8 /* Combine.swift in Sources */ = {isa = PBXBuildFile; fileRef = F5F97C73F9F9496F878817ECE8F46353 /* Combine.swift */; };
		0A900DF17E3B64F08AF673E9A0DDD697 /* OperationQueue+Alamofire.swift in Sources */ = {isa = PBXBuildFile; fileRef = 85B347A13079D76A5BEB71BBEA986407 /* OperationQueue+Alamofire.swift */; };
		0AED0C9F5057E4A6769E39C5B70A1D75 /* Box.swift in Sources */ = {isa = PBXBuildFile; fileRef = 830B2F7991EAE1A571714D0F89DD94CD /* Box.swift */; };
		10B70622D83EECA653F66E825FDDCC35 /* ImageTransition.swift in Sources */ = {isa = PBXBuildFile; fileRef = 4844D41FD7ECE3F340968EA3A5B39236 /* ImageTransition.swift */; };
		1208E81DA8B532D0646D627B50290EB6 /* AFError.swift in Sources */ = {isa = PBXBuildFile; fileRef = D6910EB6DD2B1B4BE847941532F055AD /* AFError.swift */; };
		1902064537BA2FA45ABAC2D4DAD09A3D /* String+MD5.swift in Sources */ = {isa = PBXBuildFile; fileRef = 3D44351C973A0B4C9484B6C06F03FE7E /* String+MD5.swift */; };
		19D605A3233499828FB6B790869F3E9C /* NetworkReachabilityManager.swift in Sources */ = {isa = PBXBuildFile; fileRef = 4314294A085DD9F217516725EC3C113A /* NetworkReachabilityManager.swift */; };
		1D00F00045C04505F2E445E2C6750204 /* SwiftHash-umbrella.h in Headers */ = {isa = PBXBuildFile; fileRef = 11BCD3DE66E9EAE4995FB7D710598701 /* SwiftHash-umbrella.h */; settings = {ATTRIBUTES = (Public, ); }; };
		1DDFB0536C2BDCEE5A3446D95B1A50FA /* KingfisherError.swift in Sources */ = {isa = PBXBuildFile; fileRef = F412EF0421762A479838C12BFF4F4368 /* KingfisherError.swift */; };
		212EDC48B68107BEA9247F3464CE696E /* StringEncoding+Alamofire.swift in Sources */ = {isa = PBXBuildFile; fileRef = 23391C334DE561E7C8AD882A799F5B82 /* StringEncoding+Alamofire.swift */; };
		217DAFD6CFD94567B14D461AA32F942E /* WKInterfaceImage+Kingfisher.swift in Sources */ = {isa = PBXBuildFile; fileRef = 054426765CCDA0A1BFA0B533C1AEE145 /* WKInterfaceImage+Kingfisher.swift */; };
		218C14EAE5AA31C30314AE0289B732A0 /* Protected.swift in Sources */ = {isa = PBXBuildFile; fileRef = D97801C3DFC0FA15A2CB565FF6B8A57D /* Protected.swift */; };
		23249A35AC667260392A056D3375ECFA /* ImageDownloaderDelegate.swift in Sources */ = {isa = PBXBuildFile; fileRef = 712C3FD9C88ED0A018D8367C88E2F2C0 /* ImageDownloaderDelegate.swift */; };
		27E59A11A2743B0595CDE3A08675EAE1 /* DispatchQueue+Alamofire.swift in Sources */ = {isa = PBXBuildFile; fileRef = 24F5D2665F5559054F2D305BB785798E /* DispatchQueue+Alamofire.swift */; };
		2AB39E2673F7A94F72BD84CD093E318E /* SizeExtensions.swift in Sources */ = {isa = PBXBuildFile; fileRef = 4FB432633596F8DF519E666DFB6E7AB6 /* SizeExtensions.swift */; };
		2DF2FA14AA5C4257B59F3BE85A46E58C /* KFImageOptions.swift in Sources */ = {isa = PBXBuildFile; fileRef = 69DFAFA564FB7AD80967FFE9E7E4F303 /* KFImageOptions.swift */; };
		2E628B42E711FDF7E5CCA868DB0C86A1 /* SwiftHash-dummy.m in Sources */ = {isa = PBXBuildFile; fileRef = 832662B82A96F44EB3A60AA72A581850 /* SwiftHash-dummy.m */; };
		2FD28CBD32D86FAD689D4279639DB9A9 /* NSTextAttachment+Kingfisher.swift in Sources */ = {isa = PBXBuildFile; fileRef = 93405ECE8DA2BE907BDBC68FA8273A97 /* NSTextAttachment+Kingfisher.swift */; };
		37C77FC8787033C3409063B7B5B45913 /* CFNetwork.framework in Frameworks */ = {isa = PBXBuildFile; fileRef = 872D7EFA572ECEE8EF993C27196E16DD /* CFNetwork.framework */; };
		37F604F7FB515AB9A39AFB44D151C17A /* ImagePrefetcher.swift in Sources */ = {isa = PBXBuildFile; fileRef = F84DACDAF741E8386ACC4F44477CF262 /* ImagePrefetcher.swift */; };
		381FF05F8B4F611EE9C2FDBE4457BB89 /* SessionDelegate.swift in Sources */ = {isa = PBXBuildFile; fileRef = 0F32FFCD747FF3BD49D8DBE5DA8B073C /* SessionDelegate.swift */; };
		421FCFB7ED11E370A145226ABF1B6C54 /* NSButton+Kingfisher.swift in Sources */ = {isa = PBXBuildFile; fileRef = 8E3DC5262E963F1C0A0D38DDBFDA7EC0 /* NSButton+Kingfisher.swift */; };
		453B1D6CBC4121C35496C31822FDA21C /* ImageDrawing.swift in Sources */ = {isa = PBXBuildFile; fileRef = 97C454C7C9D8AD1F53CAC90A51364BA6 /* ImageDrawing.swift */; };
		45B8CC1C61E7A0BB28CFA8CE7C12FEBC /* MultipartFormData.swift in Sources */ = {isa = PBXBuildFile; fileRef = 54175759192E49337ED8CCD5ECDA900E /* MultipartFormData.swift */; };
		476D5F33E25386C60D6BD75C4FA97C67 /* Foundation.framework in Frameworks */ = {isa = PBXBuildFile; fileRef = 4207BEE6DFA63E5CF69828DD467E9674 /* Foundation.framework */; };
		47FDBBBD2704901588C3A7C56BBC502D /* ServerTrustEvaluation.swift in Sources */ = {isa = PBXBuildFile; fileRef = BDEE52C4E50622A1640106988CD94C00 /* ServerTrustEvaluation.swift */; };
		4A1EF2423516A844BD9B414D68C04A52 /* Accelerate.framework in Frameworks */ = {isa = PBXBuildFile; fileRef = 52554E1C9731D5352FDE9E63F8C5466B /* Accelerate.framework */; };
		4AEC050FA7D5ED52FDA9DF50EA3560DF /* ParameterEncoder.swift in Sources */ = {isa = PBXBuildFile; fileRef = 748318A1F827F03E49171EE4D900EA74 /* ParameterEncoder.swift */; };
		4C86DED25F5BA43AD08F8075D4C439E0 /* MemoryStorage.swift in Sources */ = {isa = PBXBuildFile; fileRef = DB0054B40225E054D22B51825963064A /* MemoryStorage.swift */; };
		50DB394FACBAB9A3C3E2564755863017 /* ImageFormat.swift in Sources */ = {isa = PBXBuildFile; fileRef = B69BB9DC169E49E70AB890944673084B /* ImageFormat.swift */; };
		53503D72BBAF11C3000699557A1CE7E9 /* ImageDataProcessor.swift in Sources */ = {isa = PBXBuildFile; fileRef = 4B27F2BC4DBE1C0B2C49C1ADAB1496FE /* ImageDataProcessor.swift */; };
		5674FCA42AD2006C1317B8A5993CCDFD /* AuthenticationChallengeResponsable.swift in Sources */ = {isa = PBXBuildFile; fileRef = EB37CCA08C9763047EDE0C0699F51DDA /* AuthenticationChallengeResponsable.swift */; };
		59D5E59A9D00987AE776255C0759C507 /* Image.swift in Sources */ = {isa = PBXBuildFile; fileRef = F171EE701F7092A7851B1C176418EE93 /* Image.swift */; };
		5CEDBE035FD33D7EF1A7E6940BE8FC07 /* ImageView+Kingfisher.swift in Sources */ = {isa = PBXBuildFile; fileRef = E619AC2F9B46F9A87F03E28373D2E750 /* ImageView+Kingfisher.swift */; };
		6007105B236BA7BEDCEE05C7D123B07E /* AnimatedImageView.swift in Sources */ = {isa = PBXBuildFile; fileRef = F02AFB964B1716AD393BF467E5C01C12 /* AnimatedImageView.swift */; };
		63BF03E6F0AB27AE4D0C6D0850EC7556 /* ImageCache.swift in Sources */ = {isa = PBXBuildFile; fileRef = 93B39CCACB27F6B0E88F43C0116F0198 /* ImageCache.swift */; };
		6546D728B69398F93B506845141EBD61 /* EventMonitor.swift in Sources */ = {isa = PBXBuildFile; fileRef = 1C2382CF6BE32B4E389176CB880670FC /* EventMonitor.swift */; };
		666EC5C8356E6D4448A2FE7BEE77AD88 /* RedirectHandler.swift in Sources */ = {isa = PBXBuildFile; fileRef = 3F8B21295414C0799CF5988728C95E5F /* RedirectHandler.swift */; };
		66B26C6CAE737EC21F4BA1F1851B69C5 /* Result+Alamofire.swift in Sources */ = {isa = PBXBuildFile; fileRef = 6E235F5CF2B5F6D5B1AB699C56FFCA4A /* Result+Alamofire.swift */; };
		6AE407A4FB6C3D6ADD862CC6E3067A17 /* Session.swift in Sources */ = {isa = PBXBuildFile; fileRef = BEBF21AB60F5C38A642F57B856F8784D /* Session.swift */; };
		6C08F6A77889651626583100F560153D /* RequestTaskMap.swift in Sources */ = {isa = PBXBuildFile; fileRef = E066EA08EE62C318745122F9F4D0AC2B /* RequestTaskMap.swift */; };
		6E54F64E8DA73F4B0B46C216F9F93F63 /* RequestInterceptor.swift in Sources */ = {isa = PBXBuildFile; fileRef = 36D85CE18BCDCCA8EC2CD71C17FA7A40 /* RequestInterceptor.swift */; };
		72EC2712926E6D28B52360D9AC41668F /* AlamofireExtended.swift in Sources */ = {isa = PBXBuildFile; fileRef = D4215738312CA516070A6CA7357E446B /* AlamofireExtended.swift */; };
		74CF96D94F4C9388EA1A02F04A924FB9 /* AVAssetImageDataProvider.swift in Sources */ = {isa = PBXBuildFile; fileRef = FE85A96AC75AA9CF6B94F25B0C013F14 /* AVAssetImageDataProvider.swift */; };
		7D3DD4A8BB36733BA15868F7FB8C56CE /* Alamofire-umbrella.h in Headers */ = {isa = PBXBuildFile; fileRef = 15244C11CDD5E16D13DD61EA905FDC1D /* Alamofire-umbrella.h */; settings = {ATTRIBUTES = (Public, ); }; };
		81664B7EB0A191C769C2911FAE80EABB /* Source.swift in Sources */ = {isa = PBXBuildFile; fileRef = 9D76B3DC26AE706D7D70D075E9F5FCBF /* Source.swift */; };
		818C9DFFAEFA9FF9099EEF7296189A03 /* ImageDownloader.swift in Sources */ = {isa = PBXBuildFile; fileRef = 65A23A943D1EFCE068DE176C813FC532 /* ImageDownloader.swift */; };
		831D803491D1A9131B3204B29CC4BC8A /* Result.swift in Sources */ = {isa = PBXBuildFile; fileRef = 59C5AFEF84E20FCB71FA5C36DF244B62 /* Result.swift */; };
		847D63F8ABA6B9C466B27DC92C745502 /* ImageDataProvider.swift in Sources */ = {isa = PBXBuildFile; fileRef = 97B7586838E87FF88725F00A40544E0B /* ImageDataProvider.swift */; };
		8586724C257074B48F36D6D9301D367B /* Kingfisher-umbrella.h in Headers */ = {isa = PBXBuildFile; fileRef = F3E84A1376AF1C0BF667AC5A54D4ED25 /* Kingfisher-umbrella.h */; settings = {ATTRIBUTES = (Public, ); }; };
		87FFDDE5B5E5A2B1FC991CED6CC441CC /* Foundation.framework in Frameworks */ = {isa = PBXBuildFile; fileRef = 4207BEE6DFA63E5CF69828DD467E9674 /* Foundation.framework */; };
		8AA937910F87915DE700CAB6C868689E /* Notifications.swift in Sources */ = {isa = PBXBuildFile; fileRef = 179B7C6C38284477CFE1070598CECD7B /* Notifications.swift */; };
		8B0E48E01C53D243F23AB1DA47B62E24 /* Runtime.swift in Sources */ = {isa = PBXBuildFile; fileRef = C95C4B8D7AAC51590EB71E5F6E0AA64A /* Runtime.swift */; };
		8C877089C2E9BD31868D7D50555C850C /* MD5.swift in Sources */ = {isa = PBXBuildFile; fileRef = 4F81925AC067A4CAF0D133B7CD076B1A /* MD5.swift */; };
		8D4DBE82E61A80299C526B0AFF4FD107 /* CacheSerializer.swift in Sources */ = {isa = PBXBuildFile; fileRef = B207DC3EAAC1BAABAC1D7306CD217620 /* CacheSerializer.swift */; };
		9020581643E6CFE98E83DCBD13E7A40D /* Foundation.framework in Frameworks */ = {isa = PBXBuildFile; fileRef = 4207BEE6DFA63E5CF69828DD467E9674 /* Foundation.framework */; };
		911448B2EDA2FF880108F77642797A88 /* ResponseSerialization.swift in Sources */ = {isa = PBXBuildFile; fileRef = 9542FEF24BF982AB66E3B217CA54E232 /* ResponseSerialization.swift */; };
		91B837CE0DCD8EDB300FCDFFA1279162 /* HTTPHeaders.swift in Sources */ = {isa = PBXBuildFile; fileRef = 1607CE5FE9C848D9AC5EED0A2191EF1A /* HTTPHeaders.swift */; };
		923D73A0EF1E8C7E6CBA320703A711B7 /* SessionDelegate.swift in Sources */ = {isa = PBXBuildFile; fileRef = 204FC875533A8FF59E48096E1B2B43AA /* SessionDelegate.swift */; };
		93C5E506150CBB77C67BD528AE63B128 /* UIButton+Kingfisher.swift in Sources */ = {isa = PBXBuildFile; fileRef = 7E43E91DAD9469A649D6ABCDB792AE77 /* UIButton+Kingfisher.swift */; };
		94DD6422B1C38180EF762668BDD80C1A /* ExtensionHelpers.swift in Sources */ = {isa = PBXBuildFile; fileRef = 9460926A8BC6CDC9D419E3DEF9F02984 /* ExtensionHelpers.swift */; };
		98C78D31E7288D49FE55EE08E670AFA7 /* DiskStorage.swift in Sources */ = {isa = PBXBuildFile; fileRef = 3C608239A974E6FC217DC543EAE95765 /* DiskStorage.swift */; };
		99671A0F3D6AF135D305284731A594BB /* RedirectHandler.swift in Sources */ = {isa = PBXBuildFile; fileRef = CD440C9372A65BE7706ABA420CABC5EC /* RedirectHandler.swift */; };
		99EEF59393B0D096BC2B00AF6AE92D37 /* ImageModifier.swift in Sources */ = {isa = PBXBuildFile; fileRef = 638202D11F16C2D52F8A79700424202B /* ImageModifier.swift */; };
		9B1D8A7798D8A6F518FC9AF9725431D0 /* URLConvertible+URLRequestConvertible.swift in Sources */ = {isa = PBXBuildFile; fileRef = DADCA4B28D7146AE08E5378E55DC83C6 /* URLConvertible+URLRequestConvertible.swift */; };
		9B2FC14D2BA23D8681BE88BE7A699E06 /* TVMonogramView+Kingfisher.swift in Sources */ = {isa = PBXBuildFile; fileRef = AF36BE2E52676CFBC242118A741CED5C /* TVMonogramView+Kingfisher.swift */; };
		9FED70D1E1FBFB80E974E999EF732258 /* RetryPolicy.swift in Sources */ = {isa = PBXBuildFile; fileRef = F077A611D994197B0B2BAAEC26214A17 /* RetryPolicy.swift */; };
		A01B208EB6C223564DF09799933E463B /* RetryStrategy.swift in Sources */ = {isa = PBXBuildFile; fileRef = 595C1A1C349EC17F44951C0CB4BF9881 /* RetryStrategy.swift */; };
		A9C7B29D4878F1690BBE3F8195CF0313 /* CFNetwork.framework in Frameworks */ = {isa = PBXBuildFile; fileRef = 872D7EFA572ECEE8EF993C27196E16DD /* CFNetwork.framework */; };
		A9D69FC406001A4AE4E749D3158B009D /* Foundation.framework in Frameworks */ = {isa = PBXBuildFile; fileRef = 4207BEE6DFA63E5CF69828DD467E9674 /* Foundation.framework */; };
		AAA91F5487337569DA129B2232B066D2 /* Pods-HeroisMarvel-umbrella.h in Headers */ = {isa = PBXBuildFile; fileRef = A747526CB20C3FCF7D4966B80E016D91 /* Pods-HeroisMarvel-umbrella.h */; settings = {ATTRIBUTES = (Public, ); }; };
		ABA85887A41495358C83CE3F3030EDEA /* CachedResponseHandler.swift in Sources */ = {isa = PBXBuildFile; fileRef = 6D49673B8001EA6C232FEA5671C5C113 /* CachedResponseHandler.swift */; };
		B0BA2279FC0FDA3F2211AADB31E7B7F5 /* KingfisherOptionsInfo.swift in Sources */ = {isa = PBXBuildFile; fileRef = CFCE651CE946C0058C78C8A44D00D869 /* KingfisherOptionsInfo.swift */; };
		B17EB685290C5AE0832DEEE48AC1AE49 /* RequestModifier.swift in Sources */ = {isa = PBXBuildFile; fileRef = 99269905F1D772DF23C5419E2E2025CC /* RequestModifier.swift */; };
		B36E07B0D326E1B9E83C2868BC30E313 /* Delegate.swift in Sources */ = {isa = PBXBuildFile; fileRef = 9BC7DF8C290D4E2B61B5FA917960DD09 /* Delegate.swift */; };
		B6D7BA13D79607F505AF0479785E8D6C /* Pods-HeroisMarvel-dummy.m in Sources */ = {isa = PBXBuildFile; fileRef = E77030B8C7C6EB0481861BB737B753DA /* Pods-HeroisMarvel-dummy.m */; };
		B8BFC7F433641ABD2AA61264E66C6F24 /* Kingfisher-dummy.m in Sources */ = {isa = PBXBuildFile; fileRef = 46F46CE219E821EAC56FB7713B41AAFB /* Kingfisher-dummy.m */; };
		C1C5B050B55C15103ABC81769551A283 /* Response.swift in Sources */ = {isa = PBXBuildFile; fileRef = 13EF29DC57EDC15589EC82180348095A /* Response.swift */; };
		C1F1DB6A9CBDE584D09BA1613AAD4F9D /* Alamofire.swift in Sources */ = {isa = PBXBuildFile; fileRef = 90C701D328F06E802579799A6AC1269B /* Alamofire.swift */; };
		C20E3A534598709617D33774E0524CAF /* Filter.swift in Sources */ = {isa = PBXBuildFile; fileRef = 3B96DC1A25AF71587E200E1FD3B568CD /* Filter.swift */; };
		C6412BD3494708FF9F948ECE5CE7A2E1 /* Kingfisher.swift in Sources */ = {isa = PBXBuildFile; fileRef = F015E66312D961DE2B58297686AC7706 /* Kingfisher.swift */; };
		C667DC6BB83C05C146908E6DF56D771C /* Placeholder.swift in Sources */ = {isa = PBXBuildFile; fileRef = DE522544CF89FC2B584D7E60AF7E0889 /* Placeholder.swift */; };
		C693E10B4FB6293FE9762254DD99B31E /* KFImage.swift in Sources */ = {isa = PBXBuildFile; fileRef = E1A19B6F4F7C6524801E630BB184BB75 /* KFImage.swift */; };
		C6D5A4B4028B2C43380C9FA58BD5C8CA /* Alamofire-dummy.m in Sources */ = {isa = PBXBuildFile; fileRef = 1A8E6714C0EB9E6518E02E6FEFD7A85E /* Alamofire-dummy.m */; };
		D0264D77EB7762752352B6FEBCDE7FD3 /* Indicator.swift in Sources */ = {isa = PBXBuildFile; fileRef = E067D7492FF7EA734DD7C21717462B6D /* Indicator.swift */; };
		D03F1F02DE8606E6057D57866611BEBF /* MultipartUpload.swift in Sources */ = {isa = PBXBuildFile; fileRef = 0F2B636CD46C8BC3BC58D910C65A1903 /* MultipartUpload.swift */; };
		D0C7718D27835BFEC296D3B05D7748A5 /* KF.swift in Sources */ = {isa = PBXBuildFile; fileRef = F079655F64DAE0CB28F9F17AA5556611 /* KF.swift */; };
		D14066FAE94E304798E43651E5886D13 /* ParameterEncoding.swift in Sources */ = {isa = PBXBuildFile; fileRef = BC7001878E6BB4B8023AB22F77BEF5F4 /* ParameterEncoding.swift */; };
		D31FC7FDD450C4CDD633ECBAD27C6221 /* URLEncodedFormEncoder.swift in Sources */ = {isa = PBXBuildFile; fileRef = A356AF36551C585E345D2499B9AF56D3 /* URLEncodedFormEncoder.swift */; };
		D5EAAFB6FAD77A8F0699345149BA3CBB /* URLRequest+Alamofire.swift in Sources */ = {isa = PBXBuildFile; fileRef = 2FBEED48E2808A0CB54DE535F78DEEBC /* URLRequest+Alamofire.swift */; };
		D7D668C8E8467384227D2F78AA925220 /* GIFAnimatedImage.swift in Sources */ = {isa = PBXBuildFile; fileRef = C840ED65B3448194339BB1A6435F6F16 /* GIFAnimatedImage.swift */; };
		DC627AFC5B585686898B014184AFCABD /* AuthenticationInterceptor.swift in Sources */ = {isa = PBXBuildFile; fileRef = 9D08479CF6AEA46400DE70012EA50720 /* AuthenticationInterceptor.swift */; };
		E1C12AC2798EF84CA1E03E63DEBCB51B /* ImageProgressive.swift in Sources */ = {isa = PBXBuildFile; fileRef = 5820F27B05235896B61554126EA09108 /* ImageProgressive.swift */; };
		E43360AE019883A148FF1CA5AB1F79CF /* SessionDataTask.swift in Sources */ = {isa = PBXBuildFile; fileRef = D65846B1BB06BAB0E37873977E1B244B /* SessionDataTask.swift */; };
		EDC93BD7B9262119AE145E4C7A9D0212 /* Request.swift in Sources */ = {isa = PBXBuildFile; fileRef = C64D988F55F680A23AE71CD85D3A56F1 /* Request.swift */; };
		F0F3224FF592F9BA2A044A2FC2BD4CCD /* Validation.swift in Sources */ = {isa = PBXBuildFile; fileRef = A3788001E2A7C515FD6658599EBE9A78 /* Validation.swift */; };
		F1435F4D19772B0839478794E4343DEF /* Storage.swift in Sources */ = {isa = PBXBuildFile; fileRef = 871FEC69CA573017BAE7FF6DE781746D /* Storage.swift */; };
		F5547150C169E9F26AA70496615CB8A3 /* SHA1.swift in Sources */ = {isa = PBXBuildFile; fileRef = 6B4291FDE7631193BED85012158C6BD3 /* SHA1.swift */; };
		F70EF854395CDE981A8336E4FF0310FE /* URLSessionConfiguration+Alamofire.swift in Sources */ = {isa = PBXBuildFile; fileRef = BAE5407625E71F5510DFEE8F122DE9E3 /* URLSessionConfiguration+Alamofire.swift */; };
		FAA16B6785F3FA87658C77202922CD1D /* ImageBinder.swift in Sources */ = {isa = PBXBuildFile; fileRef = A69AE4FA840ECBA849E87AA621210391 /* ImageBinder.swift */; };
		FB9DC4EAA99AFE08B4744D70EF9379EB /* KFOptionsSetter.swift in Sources */ = {isa = PBXBuildFile; fileRef = 059F38834D87BA08F4D173D2E6AE072B /* KFOptionsSetter.swift */; };
/* End PBXBuildFile section */

/* Begin PBXContainerItemProxy section */
		0C082A5827A9240C84F05102BF50CEEE /* PBXContainerItemProxy */ = {
			isa = PBXContainerItemProxy;
			containerPortal = BFDFE7DC352907FC980B868725387E98 /* Project object */;
			proxyType = 1;
			remoteGlobalIDString = 494DBBFB6F106086A846FDCAC2F759BA;
			remoteInfo = SwiftHash;
		};
		74677FD844D0C58ABA8523994D17AF41 /* PBXContainerItemProxy */ = {
			isa = PBXContainerItemProxy;
			containerPortal = BFDFE7DC352907FC980B868725387E98 /* Project object */;
			proxyType = 1;
			remoteGlobalIDString = EAAA1AD3A8A1B59AB91319EE40752C6D;
			remoteInfo = Alamofire;
		};
		78C237E4E77399A071BAC45C1F489A58 /* PBXContainerItemProxy */ = {
			isa = PBXContainerItemProxy;
			containerPortal = BFDFE7DC352907FC980B868725387E98 /* Project object */;
			proxyType = 1;
			remoteGlobalIDString = E8022D22FAA6690B5E1C379C1BCE1491;
			remoteInfo = Kingfisher;
		};
/* End PBXContainerItemProxy section */

/* Begin PBXFileReference section */
		054426765CCDA0A1BFA0B533C1AEE145 /* WKInterfaceImage+Kingfisher.swift */ = {isa = PBXFileReference; includeInIndex = 1; lastKnownFileType = sourcecode.swift; name = "WKInterfaceImage+Kingfisher.swift"; path = "Sources/Extensions/WKInterfaceImage+Kingfisher.swift"; sourceTree = "<group>"; };
		059F38834D87BA08F4D173D2E6AE072B /* KFOptionsSetter.swift */ = {isa = PBXFileReference; includeInIndex = 1; lastKnownFileType = sourcecode.swift; name = KFOptionsSetter.swift; path = Sources/General/KFOptionsSetter.swift; sourceTree = "<group>"; };
		0943277781EE5FE6502591BDC72EDEF3 /* Kingfisher.xcconfig */ = {isa = PBXFileReference; includeInIndex = 1; lastKnownFileType = text.xcconfig; path = Kingfisher.xcconfig; sourceTree = "<group>"; };
		0F2B636CD46C8BC3BC58D910C65A1903 /* MultipartUpload.swift */ = {isa = PBXFileReference; includeInIndex = 1; lastKnownFileType = sourcecode.swift; name = MultipartUpload.swift; path = Source/MultipartUpload.swift; sourceTree = "<group>"; };
		0F32FFCD747FF3BD49D8DBE5DA8B073C /* SessionDelegate.swift */ = {isa = PBXFileReference; includeInIndex = 1; lastKnownFileType = sourcecode.swift; name = SessionDelegate.swift; path = Source/SessionDelegate.swift; sourceTree = "<group>"; };
		11BCD3DE66E9EAE4995FB7D710598701 /* SwiftHash-umbrella.h */ = {isa = PBXFileReference; includeInIndex = 1; lastKnownFileType = sourcecode.c.h; path = "SwiftHash-umbrella.h"; sourceTree = "<group>"; };
		13EF29DC57EDC15589EC82180348095A /* Response.swift */ = {isa = PBXFileReference; includeInIndex = 1; lastKnownFileType = sourcecode.swift; name = Response.swift; path = Source/Response.swift; sourceTree = "<group>"; };
		15244C11CDD5E16D13DD61EA905FDC1D /* Alamofire-umbrella.h */ = {isa = PBXFileReference; includeInIndex = 1; lastKnownFileType = sourcecode.c.h; path = "Alamofire-umbrella.h"; sourceTree = "<group>"; };
		1607CE5FE9C848D9AC5EED0A2191EF1A /* HTTPHeaders.swift */ = {isa = PBXFileReference; includeInIndex = 1; lastKnownFileType = sourcecode.swift; name = HTTPHeaders.swift; path = Source/HTTPHeaders.swift; sourceTree = "<group>"; };
		179B7C6C38284477CFE1070598CECD7B /* Notifications.swift */ = {isa = PBXFileReference; includeInIndex = 1; lastKnownFileType = sourcecode.swift; name = Notifications.swift; path = Source/Notifications.swift; sourceTree = "<group>"; };
		1A8E6714C0EB9E6518E02E6FEFD7A85E /* Alamofire-dummy.m */ = {isa = PBXFileReference; includeInIndex = 1; lastKnownFileType = sourcecode.c.objc; path = "Alamofire-dummy.m"; sourceTree = "<group>"; };
		1C2382CF6BE32B4E389176CB880670FC /* EventMonitor.swift */ = {isa = PBXFileReference; includeInIndex = 1; lastKnownFileType = sourcecode.swift; name = EventMonitor.swift; path = Source/EventMonitor.swift; sourceTree = "<group>"; };
		204FC875533A8FF59E48096E1B2B43AA /* SessionDelegate.swift */ = {isa = PBXFileReference; includeInIndex = 1; lastKnownFileType = sourcecode.swift; name = SessionDelegate.swift; path = Sources/Networking/SessionDelegate.swift; sourceTree = "<group>"; };
		2306F2495D5DC32D5D7E72ED0301EFAA /* Resource.swift */ = {isa = PBXFileReference; includeInIndex = 1; lastKnownFileType = sourcecode.swift; name = Resource.swift; path = Sources/General/ImageSource/Resource.swift; sourceTree = "<group>"; };
		23391C334DE561E7C8AD882A799F5B82 /* StringEncoding+Alamofire.swift */ = {isa = PBXFileReference; includeInIndex = 1; lastKnownFileType = sourcecode.swift; name = "StringEncoding+Alamofire.swift"; path = "Source/StringEncoding+Alamofire.swift"; sourceTree = "<group>"; };
		24F5D2665F5559054F2D305BB785798E /* DispatchQueue+Alamofire.swift */ = {isa = PBXFileReference; includeInIndex = 1; lastKnownFileType = sourcecode.swift; name = "DispatchQueue+Alamofire.swift"; path = "Source/DispatchQueue+Alamofire.swift"; sourceTree = "<group>"; };
		2FBEED48E2808A0CB54DE535F78DEEBC /* URLRequest+Alamofire.swift */ = {isa = PBXFileReference; includeInIndex = 1; lastKnownFileType = sourcecode.swift; name = "URLRequest+Alamofire.swift"; path = "Source/URLRequest+Alamofire.swift"; sourceTree = "<group>"; };
		3119C8693949FCC6C879E4F564A16C4A /* Alamofire-Info.plist */ = {isa = PBXFileReference; includeInIndex = 1; lastKnownFileType = text.plist.xml; path = "Alamofire-Info.plist"; sourceTree = "<group>"; };
		33315EC4839DC74366189C677F7016AC /* Pods-HeroisMarvel.modulemap */ = {isa = PBXFileReference; includeInIndex = 1; lastKnownFileType = sourcecode.module; path = "Pods-HeroisMarvel.modulemap"; sourceTree = "<group>"; };
		36D85CE18BCDCCA8EC2CD71C17FA7A40 /* RequestInterceptor.swift */ = {isa = PBXFileReference; includeInIndex = 1; lastKnownFileType = sourcecode.swift; name = RequestInterceptor.swift; path = Source/RequestInterceptor.swift; sourceTree = "<group>"; };
		38098A8DB624283165DD73A671B33E8E /* SwiftHash-Info.plist */ = {isa = PBXFileReference; includeInIndex = 1; lastKnownFileType = text.plist.xml; path = "SwiftHash-Info.plist"; sourceTree = "<group>"; };
		38615BAA787AF86D3CAC7CEED8F6A001 /* KingfisherManager.swift */ = {isa = PBXFileReference; includeInIndex = 1; lastKnownFileType = sourcecode.swift; name = KingfisherManager.swift; path = Sources/General/KingfisherManager.swift; sourceTree = "<group>"; };
		3B96DC1A25AF71587E200E1FD3B568CD /* Filter.swift */ = {isa = PBXFileReference; includeInIndex = 1; lastKnownFileType = sourcecode.swift; name = Filter.swift; path = Sources/Image/Filter.swift; sourceTree = "<group>"; };
		3C3C5E00542C7EF97D6E1DA2E473A1EB /* SwiftHash.framework */ = {isa = PBXFileReference; explicitFileType = wrapper.framework; includeInIndex = 0; name = SwiftHash.framework; path = SwiftHash.framework; sourceTree = BUILT_PRODUCTS_DIR; };
		3C608239A974E6FC217DC543EAE95765 /* DiskStorage.swift */ = {isa = PBXFileReference; includeInIndex = 1; lastKnownFileType = sourcecode.swift; name = DiskStorage.swift; path = Sources/Cache/DiskStorage.swift; sourceTree = "<group>"; };
		3D44351C973A0B4C9484B6C06F03FE7E /* String+MD5.swift */ = {isa = PBXFileReference; includeInIndex = 1; lastKnownFileType = sourcecode.swift; name = "String+MD5.swift"; path = "Sources/Utility/String+MD5.swift"; sourceTree = "<group>"; };
		3F8B21295414C0799CF5988728C95E5F /* RedirectHandler.swift */ = {isa = PBXFileReference; includeInIndex = 1; lastKnownFileType = sourcecode.swift; name = RedirectHandler.swift; path = Source/RedirectHandler.swift; sourceTree = "<group>"; };
		4104F988228E273FE810F69C2C0B53F5 /* SwiftHash.xcconfig */ = {isa = PBXFileReference; includeInIndex = 1; lastKnownFileType = text.xcconfig; path = SwiftHash.xcconfig; sourceTree = "<group>"; };
		4207BEE6DFA63E5CF69828DD467E9674 /* Foundation.framework */ = {isa = PBXFileReference; lastKnownFileType = wrapper.framework; name = Foundation.framework; path = Platforms/iPhoneOS.platform/Developer/SDKs/iPhoneOS14.0.sdk/System/Library/Frameworks/Foundation.framework; sourceTree = DEVELOPER_DIR; };
		4314294A085DD9F217516725EC3C113A /* NetworkReachabilityManager.swift */ = {isa = PBXFileReference; includeInIndex = 1; lastKnownFileType = sourcecode.swift; name = NetworkReachabilityManager.swift; path = Source/NetworkReachabilityManager.swift; sourceTree = "<group>"; };
		46F46CE219E821EAC56FB7713B41AAFB /* Kingfisher-dummy.m */ = {isa = PBXFileReference; includeInIndex = 1; lastKnownFileType = sourcecode.c.objc; path = "Kingfisher-dummy.m"; sourceTree = "<group>"; };
		4844D41FD7ECE3F340968EA3A5B39236 /* ImageTransition.swift */ = {isa = PBXFileReference; includeInIndex = 1; lastKnownFileType = sourcecode.swift; name = ImageTransition.swift; path = Sources/Image/ImageTransition.swift; sourceTree = "<group>"; };
		4B27F2BC4DBE1C0B2C49C1ADAB1496FE /* ImageDataProcessor.swift */ = {isa = PBXFileReference; includeInIndex = 1; lastKnownFileType = sourcecode.swift; name = ImageDataProcessor.swift; path = Sources/Networking/ImageDataProcessor.swift; sourceTree = "<group>"; };
		4F81925AC067A4CAF0D133B7CD076B1A /* MD5.swift */ = {isa = PBXFileReference; includeInIndex = 1; lastKnownFileType = sourcecode.swift; name = MD5.swift; path = Sources/MD5.swift; sourceTree = "<group>"; };
		4FB432633596F8DF519E666DFB6E7AB6 /* SizeExtensions.swift */ = {isa = PBXFileReference; includeInIndex = 1; lastKnownFileType = sourcecode.swift; name = SizeExtensions.swift; path = Sources/Utility/SizeExtensions.swift; sourceTree = "<group>"; };
		52554E1C9731D5352FDE9E63F8C5466B /* Accelerate.framework */ = {isa = PBXFileReference; lastKnownFileType = wrapper.framework; name = Accelerate.framework; path = Platforms/iPhoneOS.platform/Developer/SDKs/iPhoneOS14.0.sdk/System/Library/Frameworks/Accelerate.framework; sourceTree = DEVELOPER_DIR; };
		5374449B3751E48D6CA07B3B329AD2A5 /* HTTPMethod.swift */ = {isa = PBXFileReference; includeInIndex = 1; lastKnownFileType = sourcecode.swift; name = HTTPMethod.swift; path = Source/HTTPMethod.swift; sourceTree = "<group>"; };
		54175759192E49337ED8CCD5ECDA900E /* MultipartFormData.swift */ = {isa = PBXFileReference; includeInIndex = 1; lastKnownFileType = sourcecode.swift; name = MultipartFormData.swift; path = Source/MultipartFormData.swift; sourceTree = "<group>"; };
		5820F27B05235896B61554126EA09108 /* ImageProgressive.swift */ = {isa = PBXFileReference; includeInIndex = 1; lastKnownFileType = sourcecode.swift; name = ImageProgressive.swift; path = Sources/Image/ImageProgressive.swift; sourceTree = "<group>"; };
		595C1A1C349EC17F44951C0CB4BF9881 /* RetryStrategy.swift */ = {isa = PBXFileReference; includeInIndex = 1; lastKnownFileType = sourcecode.swift; name = RetryStrategy.swift; path = Sources/Networking/RetryStrategy.swift; sourceTree = "<group>"; };
		59C5AFEF84E20FCB71FA5C36DF244B62 /* Result.swift */ = {isa = PBXFileReference; includeInIndex = 1; lastKnownFileType = sourcecode.swift; name = Result.swift; path = Sources/Utility/Result.swift; sourceTree = "<group>"; };
		5D797E9A5C5782CE845840781FA1CC81 /* Alamofire.framework */ = {isa = PBXFileReference; explicitFileType = wrapper.framework; includeInIndex = 0; name = Alamofire.framework; path = Alamofire.framework; sourceTree = BUILT_PRODUCTS_DIR; };
		5DC6BAEF349E848F58FB51173D582462 /* Kingfisher.modulemap */ = {isa = PBXFileReference; includeInIndex = 1; lastKnownFileType = sourcecode.module; path = Kingfisher.modulemap; sourceTree = "<group>"; };
		62733D76BE5D6D55A2A752C447D48457 /* Alamofire.modulemap */ = {isa = PBXFileReference; includeInIndex = 1; lastKnownFileType = sourcecode.module; path = Alamofire.modulemap; sourceTree = "<group>"; };
		638202D11F16C2D52F8A79700424202B /* ImageModifier.swift */ = {isa = PBXFileReference; includeInIndex = 1; lastKnownFileType = sourcecode.swift; name = ImageModifier.swift; path = Sources/Networking/ImageModifier.swift; sourceTree = "<group>"; };
		65A23A943D1EFCE068DE176C813FC532 /* ImageDownloader.swift */ = {isa = PBXFileReference; includeInIndex = 1; lastKnownFileType = sourcecode.swift; name = ImageDownloader.swift; path = Sources/Networking/ImageDownloader.swift; sourceTree = "<group>"; };
		69DFAFA564FB7AD80967FFE9E7E4F303 /* KFImageOptions.swift */ = {isa = PBXFileReference; includeInIndex = 1; lastKnownFileType = sourcecode.swift; name = KFImageOptions.swift; path = Sources/SwiftUI/KFImageOptions.swift; sourceTree = "<group>"; };
		6B4291FDE7631193BED85012158C6BD3 /* SHA1.swift */ = {isa = PBXFileReference; includeInIndex = 1; lastKnownFileType = sourcecode.swift; name = SHA1.swift; path = Sources/SHA1.swift; sourceTree = "<group>"; };
		6D49673B8001EA6C232FEA5671C5C113 /* CachedResponseHandler.swift */ = {isa = PBXFileReference; includeInIndex = 1; lastKnownFileType = sourcecode.swift; name = CachedResponseHandler.swift; path = Source/CachedResponseHandler.swift; sourceTree = "<group>"; };
		6E235F5CF2B5F6D5B1AB699C56FFCA4A /* Result+Alamofire.swift */ = {isa = PBXFileReference; includeInIndex = 1; lastKnownFileType = sourcecode.swift; name = "Result+Alamofire.swift"; path = "Source/Result+Alamofire.swift"; sourceTree = "<group>"; };
		712C3FD9C88ED0A018D8367C88E2F2C0 /* ImageDownloaderDelegate.swift */ = {isa = PBXFileReference; includeInIndex = 1; lastKnownFileType = sourcecode.swift; name = ImageDownloaderDelegate.swift; path = Sources/Networking/ImageDownloaderDelegate.swift; sourceTree = "<group>"; };
		748318A1F827F03E49171EE4D900EA74 /* ParameterEncoder.swift */ = {isa = PBXFileReference; includeInIndex = 1; lastKnownFileType = sourcecode.swift; name = ParameterEncoder.swift; path = Source/ParameterEncoder.swift; sourceTree = "<group>"; };
		7732996CBAB589F0F3C7DC63EBBA8915 /* Pods-HeroisMarvel.debug.xcconfig */ = {isa = PBXFileReference; includeInIndex = 1; lastKnownFileType = text.xcconfig; path = "Pods-HeroisMarvel.debug.xcconfig"; sourceTree = "<group>"; };
		7840F26EA6CF2597F28B5F875F5E9002 /* Alamofire-prefix.pch */ = {isa = PBXFileReference; includeInIndex = 1; lastKnownFileType = sourcecode.c.h; path = "Alamofire-prefix.pch"; sourceTree = "<group>"; };
		7E43E91DAD9469A649D6ABCDB792AE77 /* UIButton+Kingfisher.swift */ = {isa = PBXFileReference; includeInIndex = 1; lastKnownFileType = sourcecode.swift; name = "UIButton+Kingfisher.swift"; path = "Sources/Extensions/UIButton+Kingfisher.swift"; sourceTree = "<group>"; };
		830B2F7991EAE1A571714D0F89DD94CD /* Box.swift */ = {isa = PBXFileReference; includeInIndex = 1; lastKnownFileType = sourcecode.swift; name = Box.swift; path = Sources/Utility/Box.swift; sourceTree = "<group>"; };
		832662B82A96F44EB3A60AA72A581850 /* SwiftHash-dummy.m */ = {isa = PBXFileReference; includeInIndex = 1; lastKnownFileType = sourcecode.c.objc; path = "SwiftHash-dummy.m"; sourceTree = "<group>"; };
		85B347A13079D76A5BEB71BBEA986407 /* OperationQueue+Alamofire.swift */ = {isa = PBXFileReference; includeInIndex = 1; lastKnownFileType = sourcecode.swift; name = "OperationQueue+Alamofire.swift"; path = "Source/OperationQueue+Alamofire.swift"; sourceTree = "<group>"; };
		871FEC69CA573017BAE7FF6DE781746D /* Storage.swift */ = {isa = PBXFileReference; includeInIndex = 1; lastKnownFileType = sourcecode.swift; name = Storage.swift; path = Sources/Cache/Storage.swift; sourceTree = "<group>"; };
		872D7EFA572ECEE8EF993C27196E16DD /* CFNetwork.framework */ = {isa = PBXFileReference; lastKnownFileType = wrapper.framework; name = CFNetwork.framework; path = Platforms/iPhoneOS.platform/Developer/SDKs/iPhoneOS14.0.sdk/System/Library/Frameworks/CFNetwork.framework; sourceTree = DEVELOPER_DIR; };
		8D1AD9751FFDFA111BB550CA36BE07F0 /* ImageProcessor.swift */ = {isa = PBXFileReference; includeInIndex = 1; lastKnownFileType = sourcecode.swift; name = ImageProcessor.swift; path = Sources/Image/ImageProcessor.swift; sourceTree = "<group>"; };
		8E3DC5262E963F1C0A0D38DDBFDA7EC0 /* NSButton+Kingfisher.swift */ = {isa = PBXFileReference; includeInIndex = 1; lastKnownFileType = sourcecode.swift; name = "NSButton+Kingfisher.swift"; path = "Sources/Extensions/NSButton+Kingfisher.swift"; sourceTree = "<group>"; };
		90C701D328F06E802579799A6AC1269B /* Alamofire.swift */ = {isa = PBXFileReference; includeInIndex = 1; lastKnownFileType = sourcecode.swift; name = Alamofire.swift; path = Source/Alamofire.swift; sourceTree = "<group>"; };
		93405ECE8DA2BE907BDBC68FA8273A97 /* NSTextAttachment+Kingfisher.swift */ = {isa = PBXFileReference; includeInIndex = 1; lastKnownFileType = sourcecode.swift; name = "NSTextAttachment+Kingfisher.swift"; path = "Sources/Extensions/NSTextAttachment+Kingfisher.swift"; sourceTree = "<group>"; };
		93B39CCACB27F6B0E88F43C0116F0198 /* ImageCache.swift */ = {isa = PBXFileReference; includeInIndex = 1; lastKnownFileType = sourcecode.swift; name = ImageCache.swift; path = Sources/Cache/ImageCache.swift; sourceTree = "<group>"; };
		9460926A8BC6CDC9D419E3DEF9F02984 /* ExtensionHelpers.swift */ = {isa = PBXFileReference; includeInIndex = 1; lastKnownFileType = sourcecode.swift; name = ExtensionHelpers.swift; path = Sources/Utility/ExtensionHelpers.swift; sourceTree = "<group>"; };
		9542FEF24BF982AB66E3B217CA54E232 /* ResponseSerialization.swift */ = {isa = PBXFileReference; includeInIndex = 1; lastKnownFileType = sourcecode.swift; name = ResponseSerialization.swift; path = Source/ResponseSerialization.swift; sourceTree = "<group>"; };
		97B7586838E87FF88725F00A40544E0B /* ImageDataProvider.swift */ = {isa = PBXFileReference; includeInIndex = 1; lastKnownFileType = sourcecode.swift; name = ImageDataProvider.swift; path = Sources/General/ImageSource/ImageDataProvider.swift; sourceTree = "<group>"; };
		97C454C7C9D8AD1F53CAC90A51364BA6 /* ImageDrawing.swift */ = {isa = PBXFileReference; includeInIndex = 1; lastKnownFileType = sourcecode.swift; name = ImageDrawing.swift; path = Sources/Image/ImageDrawing.swift; sourceTree = "<group>"; };
		99269905F1D772DF23C5419E2E2025CC /* RequestModifier.swift */ = {isa = PBXFileReference; includeInIndex = 1; lastKnownFileType = sourcecode.swift; name = RequestModifier.swift; path = Sources/Networking/RequestModifier.swift; sourceTree = "<group>"; };
		9BC7DF8C290D4E2B61B5FA917960DD09 /* Delegate.swift */ = {isa = PBXFileReference; includeInIndex = 1; lastKnownFileType = sourcecode.swift; name = Delegate.swift; path = Sources/Utility/Delegate.swift; sourceTree = "<group>"; };
		9D08479CF6AEA46400DE70012EA50720 /* AuthenticationInterceptor.swift */ = {isa = PBXFileReference; includeInIndex = 1; lastKnownFileType = sourcecode.swift; name = AuthenticationInterceptor.swift; path = Source/AuthenticationInterceptor.swift; sourceTree = "<group>"; };
		9D76B3DC26AE706D7D70D075E9F5FCBF /* Source.swift */ = {isa = PBXFileReference; includeInIndex = 1; lastKnownFileType = sourcecode.swift; name = Source.swift; path = Sources/General/ImageSource/Source.swift; sourceTree = "<group>"; };
		9D940727FF8FB9C785EB98E56350EF41 /* Podfile */ = {isa = PBXFileReference; explicitFileType = text.script.ruby; includeInIndex = 1; indentWidth = 2; lastKnownFileType = text; name = Podfile; path = ../Podfile; sourceTree = SOURCE_ROOT; tabWidth = 2; xcLanguageSpecificationIdentifier = xcode.lang.ruby; };
		9EAD691A0DAB630844811E2374D9EAC6 /* CallbackQueue.swift */ = {isa = PBXFileReference; includeInIndex = 1; lastKnownFileType = sourcecode.swift; name = CallbackQueue.swift; path = Sources/Utility/CallbackQueue.swift; sourceTree = "<group>"; };
		A356AF36551C585E345D2499B9AF56D3 /* URLEncodedFormEncoder.swift */ = {isa = PBXFileReference; includeInIndex = 1; lastKnownFileType = sourcecode.swift; name = URLEncodedFormEncoder.swift; path = Source/URLEncodedFormEncoder.swift; sourceTree = "<group>"; };
		A3788001E2A7C515FD6658599EBE9A78 /* Validation.swift */ = {isa = PBXFileReference; includeInIndex = 1; lastKnownFileType = sourcecode.swift; name = Validation.swift; path = Source/Validation.swift; sourceTree = "<group>"; };
		A69AE4FA840ECBA849E87AA621210391 /* ImageBinder.swift */ = {isa = PBXFileReference; includeInIndex = 1; lastKnownFileType = sourcecode.swift; name = ImageBinder.swift; path = Sources/SwiftUI/ImageBinder.swift; sourceTree = "<group>"; };
		A747526CB20C3FCF7D4966B80E016D91 /* Pods-HeroisMarvel-umbrella.h */ = {isa = PBXFileReference; includeInIndex = 1; lastKnownFileType = sourcecode.c.h; path = "Pods-HeroisMarvel-umbrella.h"; sourceTree = "<group>"; };
		AF36BE2E52676CFBC242118A741CED5C /* TVMonogramView+Kingfisher.swift */ = {isa = PBXFileReference; includeInIndex = 1; lastKnownFileType = sourcecode.swift; name = "TVMonogramView+Kingfisher.swift"; path = "Sources/Extensions/TVMonogramView+Kingfisher.swift"; sourceTree = "<group>"; };
		B207DC3EAAC1BAABAC1D7306CD217620 /* CacheSerializer.swift */ = {isa = PBXFileReference; includeInIndex = 1; lastKnownFileType = sourcecode.swift; name = CacheSerializer.swift; path = Sources/Cache/CacheSerializer.swift; sourceTree = "<group>"; };
		B4C6FEE07DB9B3020B46644D49019855 /* Pods_HeroisMarvel.framework */ = {isa = PBXFileReference; explicitFileType = wrapper.framework; includeInIndex = 0; name = Pods_HeroisMarvel.framework; path = "Pods-HeroisMarvel.framework"; sourceTree = BUILT_PRODUCTS_DIR; };
		B4E670B87039610A6A08581AED6888EF /* Alamofire.xcconfig */ = {isa = PBXFileReference; includeInIndex = 1; lastKnownFileType = text.xcconfig; path = Alamofire.xcconfig; sourceTree = "<group>"; };
		B69BB9DC169E49E70AB890944673084B /* ImageFormat.swift */ = {isa = PBXFileReference; includeInIndex = 1; lastKnownFileType = sourcecode.swift; name = ImageFormat.swift; path = Sources/Image/ImageFormat.swift; sourceTree = "<group>"; };
		BAE5407625E71F5510DFEE8F122DE9E3 /* URLSessionConfiguration+Alamofire.swift */ = {isa = PBXFileReference; includeInIndex = 1; lastKnownFileType = sourcecode.swift; name = "URLSessionConfiguration+Alamofire.swift"; path = "Source/URLSessionConfiguration+Alamofire.swift"; sourceTree = "<group>"; };
		BB1FDADC7752ADFA8C4B19C2A81784DC /* Pods-HeroisMarvel-frameworks.sh */ = {isa = PBXFileReference; includeInIndex = 1; lastKnownFileType = text.script.sh; path = "Pods-HeroisMarvel-frameworks.sh"; sourceTree = "<group>"; };
		BC7001878E6BB4B8023AB22F77BEF5F4 /* ParameterEncoding.swift */ = {isa = PBXFileReference; includeInIndex = 1; lastKnownFileType = sourcecode.swift; name = ParameterEncoding.swift; path = Source/ParameterEncoding.swift; sourceTree = "<group>"; };
		BDEE52C4E50622A1640106988CD94C00 /* ServerTrustEvaluation.swift */ = {isa = PBXFileReference; includeInIndex = 1; lastKnownFileType = sourcecode.swift; name = ServerTrustEvaluation.swift; path = Source/ServerTrustEvaluation.swift; sourceTree = "<group>"; };
		BEBF21AB60F5C38A642F57B856F8784D /* Session.swift */ = {isa = PBXFileReference; includeInIndex = 1; lastKnownFileType = sourcecode.swift; name = Session.swift; path = Source/Session.swift; sourceTree = "<group>"; };
		C3F44C782D64D7EB20B61CE3844EBFAD /* Kingfisher.framework */ = {isa = PBXFileReference; explicitFileType = wrapper.framework; includeInIndex = 0; name = Kingfisher.framework; path = Kingfisher.framework; sourceTree = BUILT_PRODUCTS_DIR; };
		C64D988F55F680A23AE71CD85D3A56F1 /* Request.swift */ = {isa = PBXFileReference; includeInIndex = 1; lastKnownFileType = sourcecode.swift; name = Request.swift; path = Source/Request.swift; sourceTree = "<group>"; };
		C7A0F496065191676DC1730D41F6A1C5 /* Pods-HeroisMarvel-acknowledgements.markdown */ = {isa = PBXFileReference; includeInIndex = 1; lastKnownFileType = text; path = "Pods-HeroisMarvel-acknowledgements.markdown"; sourceTree = "<group>"; };
		C840ED65B3448194339BB1A6435F6F16 /* GIFAnimatedImage.swift */ = {isa = PBXFileReference; includeInIndex = 1; lastKnownFileType = sourcecode.swift; name = GIFAnimatedImage.swift; path = Sources/Image/GIFAnimatedImage.swift; sourceTree = "<group>"; };
		C95C4B8D7AAC51590EB71E5F6E0AA64A /* Runtime.swift */ = {isa = PBXFileReference; includeInIndex = 1; lastKnownFileType = sourcecode.swift; name = Runtime.swift; path = Sources/Utility/Runtime.swift; sourceTree = "<group>"; };
		CD440C9372A65BE7706ABA420CABC5EC /* RedirectHandler.swift */ = {isa = PBXFileReference; includeInIndex = 1; lastKnownFileType = sourcecode.swift; name = RedirectHandler.swift; path = Sources/Networking/RedirectHandler.swift; sourceTree = "<group>"; };
		CF92D3EAC7CD72B6A1DC4596F1CF13D9 /* Kingfisher-prefix.pch */ = {isa = PBXFileReference; includeInIndex = 1; lastKnownFileType = sourcecode.c.h; path = "Kingfisher-prefix.pch"; sourceTree = "<group>"; };
		CFCE651CE946C0058C78C8A44D00D869 /* KingfisherOptionsInfo.swift */ = {isa = PBXFileReference; includeInIndex = 1; lastKnownFileType = sourcecode.swift; name = KingfisherOptionsInfo.swift; path = Sources/General/KingfisherOptionsInfo.swift; sourceTree = "<group>"; };
		D35B0DE2350AEAC38003E1B79FFC0249 /* Pods-HeroisMarvel-Info.plist */ = {isa = PBXFileReference; includeInIndex = 1; lastKnownFileType = text.plist.xml; path = "Pods-HeroisMarvel-Info.plist"; sourceTree = "<group>"; };
		D4215738312CA516070A6CA7357E446B /* AlamofireExtended.swift */ = {isa = PBXFileReference; includeInIndex = 1; lastKnownFileType = sourcecode.swift; name = AlamofireExtended.swift; path = Source/AlamofireExtended.swift; sourceTree = "<group>"; };
		D65846B1BB06BAB0E37873977E1B244B /* SessionDataTask.swift */ = {isa = PBXFileReference; includeInIndex = 1; lastKnownFileType = sourcecode.swift; name = SessionDataTask.swift; path = Sources/Networking/SessionDataTask.swift; sourceTree = "<group>"; };
		D6910EB6DD2B1B4BE847941532F055AD /* AFError.swift */ = {isa = PBXFileReference; includeInIndex = 1; lastKnownFileType = sourcecode.swift; name = AFError.swift; path = Source/AFError.swift; sourceTree = "<group>"; };
		D97801C3DFC0FA15A2CB565FF6B8A57D /* Protected.swift */ = {isa = PBXFileReference; includeInIndex = 1; lastKnownFileType = sourcecode.swift; name = Protected.swift; path = Source/Protected.swift; sourceTree = "<group>"; };
		DADCA4B28D7146AE08E5378E55DC83C6 /* URLConvertible+URLRequestConvertible.swift */ = {isa = PBXFileReference; includeInIndex = 1; lastKnownFileType = sourcecode.swift; name = "URLConvertible+URLRequestConvertible.swift"; path = "Source/URLConvertible+URLRequestConvertible.swift"; sourceTree = "<group>"; };
		DB0054B40225E054D22B51825963064A /* MemoryStorage.swift */ = {isa = PBXFileReference; includeInIndex = 1; lastKnownFileType = sourcecode.swift; name = MemoryStorage.swift; path = Sources/Cache/MemoryStorage.swift; sourceTree = "<group>"; };
		DB3A3D5F5D5EBC0A100809AC99B022EE /* SwiftHash.modulemap */ = {isa = PBXFileReference; includeInIndex = 1; lastKnownFileType = sourcecode.module; path = SwiftHash.modulemap; sourceTree = "<group>"; };
		DC0EFF024D04C2AF5CC17B7D0DBF9FDC /* Pods-HeroisMarvel.release.xcconfig */ = {isa = PBXFileReference; includeInIndex = 1; lastKnownFileType = text.xcconfig; path = "Pods-HeroisMarvel.release.xcconfig"; sourceTree = "<group>"; };
		DE522544CF89FC2B584D7E60AF7E0889 /* Placeholder.swift */ = {isa = PBXFileReference; includeInIndex = 1; lastKnownFileType = sourcecode.swift; name = Placeholder.swift; path = Sources/Image/Placeholder.swift; sourceTree = "<group>"; };
		E066EA08EE62C318745122F9F4D0AC2B /* RequestTaskMap.swift */ = {isa = PBXFileReference; includeInIndex = 1; lastKnownFileType = sourcecode.swift; name = RequestTaskMap.swift; path = Source/RequestTaskMap.swift; sourceTree = "<group>"; };
		E067D7492FF7EA734DD7C21717462B6D /* Indicator.swift */ = {isa = PBXFileReference; includeInIndex = 1; lastKnownFileType = sourcecode.swift; name = Indicator.swift; path = Sources/Views/Indicator.swift; sourceTree = "<group>"; };
		E117481E566D08D21CDC77E6F60D224B /* Pods-HeroisMarvel-acknowledgements.plist */ = {isa = PBXFileReference; includeInIndex = 1; lastKnownFileType = text.plist.xml; path = "Pods-HeroisMarvel-acknowledgements.plist"; sourceTree = "<group>"; };
		E1A19B6F4F7C6524801E630BB184BB75 /* KFImage.swift */ = {isa = PBXFileReference; includeInIndex = 1; lastKnownFileType = sourcecode.swift; name = KFImage.swift; path = Sources/SwiftUI/KFImage.swift; sourceTree = "<group>"; };
		E3977A1F5DEAD99F5F3E07D0D9CE51B4 /* Kingfisher-Info.plist */ = {isa = PBXFileReference; includeInIndex = 1; lastKnownFileType = text.plist.xml; path = "Kingfisher-Info.plist"; sourceTree = "<group>"; };
		E619AC2F9B46F9A87F03E28373D2E750 /* ImageView+Kingfisher.swift */ = {isa = PBXFileReference; includeInIndex = 1; lastKnownFileType = sourcecode.swift; name = "ImageView+Kingfisher.swift"; path = "Sources/Extensions/ImageView+Kingfisher.swift"; sourceTree = "<group>"; };
		E77030B8C7C6EB0481861BB737B753DA /* Pods-HeroisMarvel-dummy.m */ = {isa = PBXFileReference; includeInIndex = 1; lastKnownFileType = sourcecode.c.objc; path = "Pods-HeroisMarvel-dummy.m"; sourceTree = "<group>"; };
		E803E94A458029751DAF60502C51506B /* FormatIndicatedCacheSerializer.swift */ = {isa = PBXFileReference; includeInIndex = 1; lastKnownFileType = sourcecode.swift; name = FormatIndicatedCacheSerializer.swift; path = Sources/Cache/FormatIndicatedCacheSerializer.swift; sourceTree = "<group>"; };
		EB37CCA08C9763047EDE0C0699F51DDA /* AuthenticationChallengeResponsable.swift */ = {isa = PBXFileReference; includeInIndex = 1; lastKnownFileType = sourcecode.swift; name = AuthenticationChallengeResponsable.swift; path = Sources/Networking/AuthenticationChallengeResponsable.swift; sourceTree = "<group>"; };
		F015E66312D961DE2B58297686AC7706 /* Kingfisher.swift */ = {isa = PBXFileReference; includeInIndex = 1; lastKnownFileType = sourcecode.swift; name = Kingfisher.swift; path = Sources/General/Kingfisher.swift; sourceTree = "<group>"; };
		F02AFB964B1716AD393BF467E5C01C12 /* AnimatedImageView.swift */ = {isa = PBXFileReference; includeInIndex = 1; lastKnownFileType = sourcecode.swift; name = AnimatedImageView.swift; path = Sources/Views/AnimatedImageView.swift; sourceTree = "<group>"; };
		F077A611D994197B0B2BAAEC26214A17 /* RetryPolicy.swift */ = {isa = PBXFileReference; includeInIndex = 1; lastKnownFileType = sourcecode.swift; name = RetryPolicy.swift; path = Source/RetryPolicy.swift; sourceTree = "<group>"; };
		F079655F64DAE0CB28F9F17AA5556611 /* KF.swift */ = {isa = PBXFileReference; includeInIndex = 1; lastKnownFileType = sourcecode.swift; name = KF.swift; path = Sources/General/KF.swift; sourceTree = "<group>"; };
		F171EE701F7092A7851B1C176418EE93 /* Image.swift */ = {isa = PBXFileReference; includeInIndex = 1; lastKnownFileType = sourcecode.swift; name = Image.swift; path = Sources/Image/Image.swift; sourceTree = "<group>"; };
		F3E84A1376AF1C0BF667AC5A54D4ED25 /* Kingfisher-umbrella.h */ = {isa = PBXFileReference; includeInIndex = 1; lastKnownFileType = sourcecode.c.h; path = "Kingfisher-umbrella.h"; sourceTree = "<group>"; };
		F412EF0421762A479838C12BFF4F4368 /* KingfisherError.swift */ = {isa = PBXFileReference; includeInIndex = 1; lastKnownFileType = sourcecode.swift; name = KingfisherError.swift; path = Sources/General/KingfisherError.swift; sourceTree = "<group>"; };
		F5F97C73F9F9496F878817ECE8F46353 /* Combine.swift */ = {isa = PBXFileReference; includeInIndex = 1; lastKnownFileType = sourcecode.swift; name = Combine.swift; path = Source/Combine.swift; sourceTree = "<group>"; };
		F84DACDAF741E8386ACC4F44477CF262 /* ImagePrefetcher.swift */ = {isa = PBXFileReference; includeInIndex = 1; lastKnownFileType = sourcecode.swift; name = ImagePrefetcher.swift; path = Sources/Networking/ImagePrefetcher.swift; sourceTree = "<group>"; };
		F866EE061F4C0EC1E9835D79C1532948 /* SwiftHash-prefix.pch */ = {isa = PBXFileReference; includeInIndex = 1; lastKnownFileType = sourcecode.c.h; path = "SwiftHash-prefix.pch"; sourceTree = "<group>"; };
		FE85A96AC75AA9CF6B94F25B0C013F14 /* AVAssetImageDataProvider.swift */ = {isa = PBXFileReference; includeInIndex = 1; lastKnownFileType = sourcecode.swift; name = AVAssetImageDataProvider.swift; path = Sources/General/ImageSource/AVAssetImageDataProvider.swift; sourceTree = "<group>"; };
/* End PBXFileReference section */

/* Begin PBXFrameworksBuildPhase section */
		6F80A734C855FE547E54196180DB840B /* Frameworks */ = {
			isa = PBXFrameworksBuildPhase;
			buildActionMask = 2147483647;
			files = (
				4A1EF2423516A844BD9B414D68C04A52 /* Accelerate.framework in Frameworks */,
				37C77FC8787033C3409063B7B5B45913 /* CFNetwork.framework in Frameworks */,
				A9D69FC406001A4AE4E749D3158B009D /* Foundation.framework in Frameworks */,
			);
			runOnlyForDeploymentPostprocessing = 0;
		};
		9590D3FE7A79CD7CBEE3F346E8C19D4D /* Frameworks */ = {
			isa = PBXFrameworksBuildPhase;
			buildActionMask = 2147483647;
			files = (
				A9C7B29D4878F1690BBE3F8195CF0313 /* CFNetwork.framework in Frameworks */,
				476D5F33E25386C60D6BD75C4FA97C67 /* Foundation.framework in Frameworks */,
			);
			runOnlyForDeploymentPostprocessing = 0;
		};
		AD902FA9176D0C0131848CB611EB0A15 /* Frameworks */ = {
			isa = PBXFrameworksBuildPhase;
			buildActionMask = 2147483647;
			files = (
				9020581643E6CFE98E83DCBD13E7A40D /* Foundation.framework in Frameworks */,
			);
			runOnlyForDeploymentPostprocessing = 0;
		};
		D3563CB8321743B9DB3572DD4D0C0CBD /* Frameworks */ = {
			isa = PBXFrameworksBuildPhase;
			buildActionMask = 2147483647;
			files = (
				87FFDDE5B5E5A2B1FC991CED6CC441CC /* Foundation.framework in Frameworks */,
			);
			runOnlyForDeploymentPostprocessing = 0;
		};
/* End PBXFrameworksBuildPhase section */

/* Begin PBXGroup section */
		03C5C200A0787E300053CFA8F53CA094 /* Frameworks */ = {
			isa = PBXGroup;
			children = (
				5EE21CBB8EFB615AB450D209E054FAE6 /* iOS */,
			);
			name = Frameworks;
			sourceTree = "<group>";
		};
		203DF1864401511A946110E4AB9DBC20 /* SwiftHash */ = {
			isa = PBXGroup;
			children = (
				4F81925AC067A4CAF0D133B7CD076B1A /* MD5.swift */,
				6B4291FDE7631193BED85012158C6BD3 /* SHA1.swift */,
				C927A4066A0D1EE723B16B0446AED53E /* Support Files */,
			);
			name = SwiftHash;
			path = SwiftHash;
			sourceTree = "<group>";
		};
		4AAD6008133245D22B8F5C920B973182 /* Alamofire */ = {
			isa = PBXGroup;
			children = (
				D6910EB6DD2B1B4BE847941532F055AD /* AFError.swift */,
				90C701D328F06E802579799A6AC1269B /* Alamofire.swift */,
				D4215738312CA516070A6CA7357E446B /* AlamofireExtended.swift */,
				9D08479CF6AEA46400DE70012EA50720 /* AuthenticationInterceptor.swift */,
				6D49673B8001EA6C232FEA5671C5C113 /* CachedResponseHandler.swift */,
				F5F97C73F9F9496F878817ECE8F46353 /* Combine.swift */,
				24F5D2665F5559054F2D305BB785798E /* DispatchQueue+Alamofire.swift */,
				1C2382CF6BE32B4E389176CB880670FC /* EventMonitor.swift */,
				1607CE5FE9C848D9AC5EED0A2191EF1A /* HTTPHeaders.swift */,
				5374449B3751E48D6CA07B3B329AD2A5 /* HTTPMethod.swift */,
				54175759192E49337ED8CCD5ECDA900E /* MultipartFormData.swift */,
				0F2B636CD46C8BC3BC58D910C65A1903 /* MultipartUpload.swift */,
				4314294A085DD9F217516725EC3C113A /* NetworkReachabilityManager.swift */,
				179B7C6C38284477CFE1070598CECD7B /* Notifications.swift */,
				85B347A13079D76A5BEB71BBEA986407 /* OperationQueue+Alamofire.swift */,
				748318A1F827F03E49171EE4D900EA74 /* ParameterEncoder.swift */,
				BC7001878E6BB4B8023AB22F77BEF5F4 /* ParameterEncoding.swift */,
				D97801C3DFC0FA15A2CB565FF6B8A57D /* Protected.swift */,
				3F8B21295414C0799CF5988728C95E5F /* RedirectHandler.swift */,
				C64D988F55F680A23AE71CD85D3A56F1 /* Request.swift */,
				36D85CE18BCDCCA8EC2CD71C17FA7A40 /* RequestInterceptor.swift */,
				E066EA08EE62C318745122F9F4D0AC2B /* RequestTaskMap.swift */,
				13EF29DC57EDC15589EC82180348095A /* Response.swift */,
				9542FEF24BF982AB66E3B217CA54E232 /* ResponseSerialization.swift */,
				6E235F5CF2B5F6D5B1AB699C56FFCA4A /* Result+Alamofire.swift */,
				F077A611D994197B0B2BAAEC26214A17 /* RetryPolicy.swift */,
				BDEE52C4E50622A1640106988CD94C00 /* ServerTrustEvaluation.swift */,
				BEBF21AB60F5C38A642F57B856F8784D /* Session.swift */,
				0F32FFCD747FF3BD49D8DBE5DA8B073C /* SessionDelegate.swift */,
				23391C334DE561E7C8AD882A799F5B82 /* StringEncoding+Alamofire.swift */,
				DADCA4B28D7146AE08E5378E55DC83C6 /* URLConvertible+URLRequestConvertible.swift */,
				A356AF36551C585E345D2499B9AF56D3 /* URLEncodedFormEncoder.swift */,
				2FBEED48E2808A0CB54DE535F78DEEBC /* URLRequest+Alamofire.swift */,
				BAE5407625E71F5510DFEE8F122DE9E3 /* URLSessionConfiguration+Alamofire.swift */,
				A3788001E2A7C515FD6658599EBE9A78 /* Validation.swift */,
				D3BFBE14C6FECA3EE479F5EFF173AFE5 /* Support Files */,
			);
			name = Alamofire;
			path = Alamofire;
			sourceTree = "<group>";
		};
		5EE21CBB8EFB615AB450D209E054FAE6 /* iOS */ = {
			isa = PBXGroup;
			children = (
				52554E1C9731D5352FDE9E63F8C5466B /* Accelerate.framework */,
				872D7EFA572ECEE8EF993C27196E16DD /* CFNetwork.framework */,
				4207BEE6DFA63E5CF69828DD467E9674 /* Foundation.framework */,
			);
			name = iOS;
			sourceTree = "<group>";
		};
		69ED874A4DD2A0DCB5A44DF574AB993F /* Targets Support Files */ = {
			isa = PBXGroup;
			children = (
				D51B121B8CE4B873D0F2901A27647311 /* Pods-HeroisMarvel */,
			);
			name = "Targets Support Files";
			sourceTree = "<group>";
		};
		83DE0F91C033A824A5ED61A87FF6848C /* Support Files */ = {
			isa = PBXGroup;
			children = (
				5DC6BAEF349E848F58FB51173D582462 /* Kingfisher.modulemap */,
				0943277781EE5FE6502591BDC72EDEF3 /* Kingfisher.xcconfig */,
				46F46CE219E821EAC56FB7713B41AAFB /* Kingfisher-dummy.m */,
				E3977A1F5DEAD99F5F3E07D0D9CE51B4 /* Kingfisher-Info.plist */,
				CF92D3EAC7CD72B6A1DC4596F1CF13D9 /* Kingfisher-prefix.pch */,
				F3E84A1376AF1C0BF667AC5A54D4ED25 /* Kingfisher-umbrella.h */,
			);
			name = "Support Files";
			path = "../Target Support Files/Kingfisher";
			sourceTree = "<group>";
		};
		96FE850F065D164086E86911490CD52D /* Pods */ = {
			isa = PBXGroup;
			children = (
				4AAD6008133245D22B8F5C920B973182 /* Alamofire */,
				E6379E734371E54802EFDB3C3F12ACD3 /* Kingfisher */,
				203DF1864401511A946110E4AB9DBC20 /* SwiftHash */,
			);
			name = Pods;
			sourceTree = "<group>";
		};
		C927A4066A0D1EE723B16B0446AED53E /* Support Files */ = {
			isa = PBXGroup;
			children = (
				DB3A3D5F5D5EBC0A100809AC99B022EE /* SwiftHash.modulemap */,
				4104F988228E273FE810F69C2C0B53F5 /* SwiftHash.xcconfig */,
				832662B82A96F44EB3A60AA72A581850 /* SwiftHash-dummy.m */,
				38098A8DB624283165DD73A671B33E8E /* SwiftHash-Info.plist */,
				F866EE061F4C0EC1E9835D79C1532948 /* SwiftHash-prefix.pch */,
				11BCD3DE66E9EAE4995FB7D710598701 /* SwiftHash-umbrella.h */,
			);
			name = "Support Files";
			path = "../Target Support Files/SwiftHash";
			sourceTree = "<group>";
		};
		CF1408CF629C7361332E53B88F7BD30C = {
			isa = PBXGroup;
			children = (
				9D940727FF8FB9C785EB98E56350EF41 /* Podfile */,
				03C5C200A0787E300053CFA8F53CA094 /* Frameworks */,
				96FE850F065D164086E86911490CD52D /* Pods */,
				D48CDC55680B01FBE42F1164FAC2ED4C /* Products */,
				69ED874A4DD2A0DCB5A44DF574AB993F /* Targets Support Files */,
			);
			sourceTree = "<group>";
		};
		D3BFBE14C6FECA3EE479F5EFF173AFE5 /* Support Files */ = {
			isa = PBXGroup;
			children = (
				62733D76BE5D6D55A2A752C447D48457 /* Alamofire.modulemap */,
				B4E670B87039610A6A08581AED6888EF /* Alamofire.xcconfig */,
				1A8E6714C0EB9E6518E02E6FEFD7A85E /* Alamofire-dummy.m */,
				3119C8693949FCC6C879E4F564A16C4A /* Alamofire-Info.plist */,
				7840F26EA6CF2597F28B5F875F5E9002 /* Alamofire-prefix.pch */,
				15244C11CDD5E16D13DD61EA905FDC1D /* Alamofire-umbrella.h */,
			);
			name = "Support Files";
			path = "../Target Support Files/Alamofire";
			sourceTree = "<group>";
		};
		D48CDC55680B01FBE42F1164FAC2ED4C /* Products */ = {
			isa = PBXGroup;
			children = (
				5D797E9A5C5782CE845840781FA1CC81 /* Alamofire.framework */,
				C3F44C782D64D7EB20B61CE3844EBFAD /* Kingfisher.framework */,
				B4C6FEE07DB9B3020B46644D49019855 /* Pods_HeroisMarvel.framework */,
				3C3C5E00542C7EF97D6E1DA2E473A1EB /* SwiftHash.framework */,
			);
			name = Products;
			sourceTree = "<group>";
		};
		D51B121B8CE4B873D0F2901A27647311 /* Pods-HeroisMarvel */ = {
			isa = PBXGroup;
			children = (
				33315EC4839DC74366189C677F7016AC /* Pods-HeroisMarvel.modulemap */,
				C7A0F496065191676DC1730D41F6A1C5 /* Pods-HeroisMarvel-acknowledgements.markdown */,
				E117481E566D08D21CDC77E6F60D224B /* Pods-HeroisMarvel-acknowledgements.plist */,
				E77030B8C7C6EB0481861BB737B753DA /* Pods-HeroisMarvel-dummy.m */,
				BB1FDADC7752ADFA8C4B19C2A81784DC /* Pods-HeroisMarvel-frameworks.sh */,
				D35B0DE2350AEAC38003E1B79FFC0249 /* Pods-HeroisMarvel-Info.plist */,
				A747526CB20C3FCF7D4966B80E016D91 /* Pods-HeroisMarvel-umbrella.h */,
				7732996CBAB589F0F3C7DC63EBBA8915 /* Pods-HeroisMarvel.debug.xcconfig */,
				DC0EFF024D04C2AF5CC17B7D0DBF9FDC /* Pods-HeroisMarvel.release.xcconfig */,
			);
			name = "Pods-HeroisMarvel";
			path = "Target Support Files/Pods-HeroisMarvel";
			sourceTree = "<group>";
		};
		E6379E734371E54802EFDB3C3F12ACD3 /* Kingfisher */ = {
			isa = PBXGroup;
			children = (
				F02AFB964B1716AD393BF467E5C01C12 /* AnimatedImageView.swift */,
				EB37CCA08C9763047EDE0C0699F51DDA /* AuthenticationChallengeResponsable.swift */,
				FE85A96AC75AA9CF6B94F25B0C013F14 /* AVAssetImageDataProvider.swift */,
				830B2F7991EAE1A571714D0F89DD94CD /* Box.swift */,
				B207DC3EAAC1BAABAC1D7306CD217620 /* CacheSerializer.swift */,
				9EAD691A0DAB630844811E2374D9EAC6 /* CallbackQueue.swift */,
				9BC7DF8C290D4E2B61B5FA917960DD09 /* Delegate.swift */,
				3C608239A974E6FC217DC543EAE95765 /* DiskStorage.swift */,
				9460926A8BC6CDC9D419E3DEF9F02984 /* ExtensionHelpers.swift */,
				3B96DC1A25AF71587E200E1FD3B568CD /* Filter.swift */,
				E803E94A458029751DAF60502C51506B /* FormatIndicatedCacheSerializer.swift */,
				C840ED65B3448194339BB1A6435F6F16 /* GIFAnimatedImage.swift */,
				F171EE701F7092A7851B1C176418EE93 /* Image.swift */,
				A69AE4FA840ECBA849E87AA621210391 /* ImageBinder.swift */,
				93B39CCACB27F6B0E88F43C0116F0198 /* ImageCache.swift */,
				4B27F2BC4DBE1C0B2C49C1ADAB1496FE /* ImageDataProcessor.swift */,
				97B7586838E87FF88725F00A40544E0B /* ImageDataProvider.swift */,
				65A23A943D1EFCE068DE176C813FC532 /* ImageDownloader.swift */,
				712C3FD9C88ED0A018D8367C88E2F2C0 /* ImageDownloaderDelegate.swift */,
				97C454C7C9D8AD1F53CAC90A51364BA6 /* ImageDrawing.swift */,
				B69BB9DC169E49E70AB890944673084B /* ImageFormat.swift */,
				638202D11F16C2D52F8A79700424202B /* ImageModifier.swift */,
				F84DACDAF741E8386ACC4F44477CF262 /* ImagePrefetcher.swift */,
				8D1AD9751FFDFA111BB550CA36BE07F0 /* ImageProcessor.swift */,
				5820F27B05235896B61554126EA09108 /* ImageProgressive.swift */,
				4844D41FD7ECE3F340968EA3A5B39236 /* ImageTransition.swift */,
				E619AC2F9B46F9A87F03E28373D2E750 /* ImageView+Kingfisher.swift */,
				E067D7492FF7EA734DD7C21717462B6D /* Indicator.swift */,
				F079655F64DAE0CB28F9F17AA5556611 /* KF.swift */,
				E1A19B6F4F7C6524801E630BB184BB75 /* KFImage.swift */,
				69DFAFA564FB7AD80967FFE9E7E4F303 /* KFImageOptions.swift */,
				059F38834D87BA08F4D173D2E6AE072B /* KFOptionsSetter.swift */,
				F015E66312D961DE2B58297686AC7706 /* Kingfisher.swift */,
				F412EF0421762A479838C12BFF4F4368 /* KingfisherError.swift */,
				38615BAA787AF86D3CAC7CEED8F6A001 /* KingfisherManager.swift */,
				CFCE651CE946C0058C78C8A44D00D869 /* KingfisherOptionsInfo.swift */,
				DB0054B40225E054D22B51825963064A /* MemoryStorage.swift */,
				8E3DC5262E963F1C0A0D38DDBFDA7EC0 /* NSButton+Kingfisher.swift */,
				93405ECE8DA2BE907BDBC68FA8273A97 /* NSTextAttachment+Kingfisher.swift */,
				DE522544CF89FC2B584D7E60AF7E0889 /* Placeholder.swift */,
				CD440C9372A65BE7706ABA420CABC5EC /* RedirectHandler.swift */,
				99269905F1D772DF23C5419E2E2025CC /* RequestModifier.swift */,
				2306F2495D5DC32D5D7E72ED0301EFAA /* Resource.swift */,
				59C5AFEF84E20FCB71FA5C36DF244B62 /* Result.swift */,
				595C1A1C349EC17F44951C0CB4BF9881 /* RetryStrategy.swift */,
				C95C4B8D7AAC51590EB71E5F6E0AA64A /* Runtime.swift */,
				D65846B1BB06BAB0E37873977E1B244B /* SessionDataTask.swift */,
				204FC875533A8FF59E48096E1B2B43AA /* SessionDelegate.swift */,
				4FB432633596F8DF519E666DFB6E7AB6 /* SizeExtensions.swift */,
				9D76B3DC26AE706D7D70D075E9F5FCBF /* Source.swift */,
				871FEC69CA573017BAE7FF6DE781746D /* Storage.swift */,
				3D44351C973A0B4C9484B6C06F03FE7E /* String+MD5.swift */,
				AF36BE2E52676CFBC242118A741CED5C /* TVMonogramView+Kingfisher.swift */,
				7E43E91DAD9469A649D6ABCDB792AE77 /* UIButton+Kingfisher.swift */,
				054426765CCDA0A1BFA0B533C1AEE145 /* WKInterfaceImage+Kingfisher.swift */,
				83DE0F91C033A824A5ED61A87FF6848C /* Support Files */,
			);
			name = Kingfisher;
			path = Kingfisher;
			sourceTree = "<group>";
		};
/* End PBXGroup section */

/* Begin PBXHeadersBuildPhase section */
		2834A7A86201E84844D8CE54EC1299AD /* Headers */ = {
			isa = PBXHeadersBuildPhase;
			buildActionMask = 2147483647;
			files = (
				8586724C257074B48F36D6D9301D367B /* Kingfisher-umbrella.h in Headers */,
			);
			runOnlyForDeploymentPostprocessing = 0;
		};
		8070B01910C64B9AFD0DB550EDE38D6B /* Headers */ = {
			isa = PBXHeadersBuildPhase;
			buildActionMask = 2147483647;
			files = (
				7D3DD4A8BB36733BA15868F7FB8C56CE /* Alamofire-umbrella.h in Headers */,
			);
			runOnlyForDeploymentPostprocessing = 0;
		};
		8F194D421A78F2E8084003D75E19DAEA /* Headers */ = {
			isa = PBXHeadersBuildPhase;
			buildActionMask = 2147483647;
			files = (
				AAA91F5487337569DA129B2232B066D2 /* Pods-HeroisMarvel-umbrella.h in Headers */,
			);
			runOnlyForDeploymentPostprocessing = 0;
		};
		9C5554CCBDE1A809B31B01E03DDEC866 /* Headers */ = {
			isa = PBXHeadersBuildPhase;
			buildActionMask = 2147483647;
			files = (
				1D00F00045C04505F2E445E2C6750204 /* SwiftHash-umbrella.h in Headers */,
			);
			runOnlyForDeploymentPostprocessing = 0;
		};
/* End PBXHeadersBuildPhase section */

/* Begin PBXNativeTarget section */
		494DBBFB6F106086A846FDCAC2F759BA /* SwiftHash */ = {
			isa = PBXNativeTarget;
			buildConfigurationList = 7BA1CB8339389D8B606C8614B54E6AC1 /* Build configuration list for PBXNativeTarget "SwiftHash" */;
			buildPhases = (
				9C5554CCBDE1A809B31B01E03DDEC866 /* Headers */,
				B4E513EB26947975E2AF8C7307856B7B /* Sources */,
				D3563CB8321743B9DB3572DD4D0C0CBD /* Frameworks */,
				8EF451DB2208E7066114D72E02A9BD49 /* Resources */,
			);
			buildRules = (
			);
			dependencies = (
			);
			name = SwiftHash;
			productName = SwiftHash;
			productReference = 3C3C5E00542C7EF97D6E1DA2E473A1EB /* SwiftHash.framework */;
			productType = "com.apple.product-type.framework";
		};
		52A4E6B814A26FB004F2978583179367 /* Pods-HeroisMarvel */ = {
			isa = PBXNativeTarget;
			buildConfigurationList = 48221DE634870C089E8743DD5B752271 /* Build configuration list for PBXNativeTarget "Pods-HeroisMarvel" */;
			buildPhases = (
				8F194D421A78F2E8084003D75E19DAEA /* Headers */,
				3607B69DE50ADB83116C6CC5D32CDBFD /* Sources */,
				AD902FA9176D0C0131848CB611EB0A15 /* Frameworks */,
				CB61B56ABFE065119B9370067745596B /* Resources */,
			);
			buildRules = (
			);
			dependencies = (
				C6DFF669FBC186E25346F9D48853BF15 /* PBXTargetDependency */,
				AE11E90FDE9BAE3C8854A289C74CCA39 /* PBXTargetDependency */,
				74071E9313F8FF95B7BB739D08225B38 /* PBXTargetDependency */,
			);
			name = "Pods-HeroisMarvel";
			productName = "Pods-HeroisMarvel";
			productReference = B4C6FEE07DB9B3020B46644D49019855 /* Pods_HeroisMarvel.framework */;
			productType = "com.apple.product-type.framework";
		};
		E8022D22FAA6690B5E1C379C1BCE1491 /* Kingfisher */ = {
			isa = PBXNativeTarget;
			buildConfigurationList = 632C3FA67581BFD4D8AD5EA50EF27810 /* Build configuration list for PBXNativeTarget "Kingfisher" */;
			buildPhases = (
				2834A7A86201E84844D8CE54EC1299AD /* Headers */,
				26B24D5D7646E2EB56FDD17196467050 /* Sources */,
				6F80A734C855FE547E54196180DB840B /* Frameworks */,
				AAC163231050CADCF935790EFF19FD02 /* Resources */,
			);
			buildRules = (
			);
			dependencies = (
			);
			name = Kingfisher;
			productName = Kingfisher;
			productReference = C3F44C782D64D7EB20B61CE3844EBFAD /* Kingfisher.framework */;
			productType = "com.apple.product-type.framework";
		};
		EAAA1AD3A8A1B59AB91319EE40752C6D /* Alamofire */ = {
			isa = PBXNativeTarget;
			buildConfigurationList = 78E219AC01CD5AFED663C9AB28280801 /* Build configuration list for PBXNativeTarget "Alamofire" */;
			buildPhases = (
				8070B01910C64B9AFD0DB550EDE38D6B /* Headers */,
				2C8326877F6A9617C2FBE9BD15D95B59 /* Sources */,
				9590D3FE7A79CD7CBEE3F346E8C19D4D /* Frameworks */,
				9BCA7D105D531AE5DAF34FB86A2E623A /* Resources */,
			);
			buildRules = (
			);
			dependencies = (
			);
			name = Alamofire;
			productName = Alamofire;
			productReference = 5D797E9A5C5782CE845840781FA1CC81 /* Alamofire.framework */;
			productType = "com.apple.product-type.framework";
		};
/* End PBXNativeTarget section */

/* Begin PBXProject section */
		BFDFE7DC352907FC980B868725387E98 /* Project object */ = {
			isa = PBXProject;
			attributes = {
				LastSwiftUpdateCheck = 1100;
				LastUpgradeCheck = 1100;
			};
			buildConfigurationList = 4821239608C13582E20E6DA73FD5F1F9 /* Build configuration list for PBXProject "Pods" */;
			compatibilityVersion = "Xcode 8.0";
			developmentRegion = en;
			hasScannedForEncodings = 0;
			knownRegions = (
				en,
				Base,
			);
			mainGroup = CF1408CF629C7361332E53B88F7BD30C;
			productRefGroup = D48CDC55680B01FBE42F1164FAC2ED4C /* Products */;
			projectDirPath = "";
			projectRoot = "";
			targets = (
				EAAA1AD3A8A1B59AB91319EE40752C6D /* Alamofire */,
				E8022D22FAA6690B5E1C379C1BCE1491 /* Kingfisher */,
				52A4E6B814A26FB004F2978583179367 /* Pods-HeroisMarvel */,
				494DBBFB6F106086A846FDCAC2F759BA /* SwiftHash */,
			);
		};
/* End PBXProject section */

/* Begin PBXResourcesBuildPhase section */
		8EF451DB2208E7066114D72E02A9BD49 /* Resources */ = {
			isa = PBXResourcesBuildPhase;
			buildActionMask = 2147483647;
			files = (
			);
			runOnlyForDeploymentPostprocessing = 0;
		};
		9BCA7D105D531AE5DAF34FB86A2E623A /* Resources */ = {
			isa = PBXResourcesBuildPhase;
			buildActionMask = 2147483647;
			files = (
			);
			runOnlyForDeploymentPostprocessing = 0;
		};
		AAC163231050CADCF935790EFF19FD02 /* Resources */ = {
			isa = PBXResourcesBuildPhase;
			buildActionMask = 2147483647;
			files = (
			);
			runOnlyForDeploymentPostprocessing = 0;
		};
		CB61B56ABFE065119B9370067745596B /* Resources */ = {
			isa = PBXResourcesBuildPhase;
			buildActionMask = 2147483647;
			files = (
			);
			runOnlyForDeploymentPostprocessing = 0;
		};
/* End PBXResourcesBuildPhase section */

/* Begin PBXSourcesBuildPhase section */
		26B24D5D7646E2EB56FDD17196467050 /* Sources */ = {
			isa = PBXSourcesBuildPhase;
			buildActionMask = 2147483647;
			files = (
				6007105B236BA7BEDCEE05C7D123B07E /* AnimatedImageView.swift in Sources */,
				5674FCA42AD2006C1317B8A5993CCDFD /* AuthenticationChallengeResponsable.swift in Sources */,
				74CF96D94F4C9388EA1A02F04A924FB9 /* AVAssetImageDataProvider.swift in Sources */,
				0AED0C9F5057E4A6769E39C5B70A1D75 /* Box.swift in Sources */,
				8D4DBE82E61A80299C526B0AFF4FD107 /* CacheSerializer.swift in Sources */,
				0167C8014E2488B83A9F1FD66249D399 /* CallbackQueue.swift in Sources */,
				B36E07B0D326E1B9E83C2868BC30E313 /* Delegate.swift in Sources */,
				98C78D31E7288D49FE55EE08E670AFA7 /* DiskStorage.swift in Sources */,
				94DD6422B1C38180EF762668BDD80C1A /* ExtensionHelpers.swift in Sources */,
				C20E3A534598709617D33774E0524CAF /* Filter.swift in Sources */,
				049A63D94BC0E530FF440A23B3689649 /* FormatIndicatedCacheSerializer.swift in Sources */,
				D7D668C8E8467384227D2F78AA925220 /* GIFAnimatedImage.swift in Sources */,
				59D5E59A9D00987AE776255C0759C507 /* Image.swift in Sources */,
				FAA16B6785F3FA87658C77202922CD1D /* ImageBinder.swift in Sources */,
				63BF03E6F0AB27AE4D0C6D0850EC7556 /* ImageCache.swift in Sources */,
				53503D72BBAF11C3000699557A1CE7E9 /* ImageDataProcessor.swift in Sources */,
				847D63F8ABA6B9C466B27DC92C745502 /* ImageDataProvider.swift in Sources */,
				818C9DFFAEFA9FF9099EEF7296189A03 /* ImageDownloader.swift in Sources */,
				23249A35AC667260392A056D3375ECFA /* ImageDownloaderDelegate.swift in Sources */,
				453B1D6CBC4121C35496C31822FDA21C /* ImageDrawing.swift in Sources */,
				50DB394FACBAB9A3C3E2564755863017 /* ImageFormat.swift in Sources */,
				99EEF59393B0D096BC2B00AF6AE92D37 /* ImageModifier.swift in Sources */,
				37F604F7FB515AB9A39AFB44D151C17A /* ImagePrefetcher.swift in Sources */,
				03601FE8DD8E68F3D64BB8E7C8372099 /* ImageProcessor.swift in Sources */,
				E1C12AC2798EF84CA1E03E63DEBCB51B /* ImageProgressive.swift in Sources */,
				10B70622D83EECA653F66E825FDDCC35 /* ImageTransition.swift in Sources */,
				5CEDBE035FD33D7EF1A7E6940BE8FC07 /* ImageView+Kingfisher.swift in Sources */,
				D0264D77EB7762752352B6FEBCDE7FD3 /* Indicator.swift in Sources */,
				D0C7718D27835BFEC296D3B05D7748A5 /* KF.swift in Sources */,
				C693E10B4FB6293FE9762254DD99B31E /* KFImage.swift in Sources */,
				2DF2FA14AA5C4257B59F3BE85A46E58C /* KFImageOptions.swift in Sources */,
				FB9DC4EAA99AFE08B4744D70EF9379EB /* KFOptionsSetter.swift in Sources */,
				B8BFC7F433641ABD2AA61264E66C6F24 /* Kingfisher-dummy.m in Sources */,
				C6412BD3494708FF9F948ECE5CE7A2E1 /* Kingfisher.swift in Sources */,
				1DDFB0536C2BDCEE5A3446D95B1A50FA /* KingfisherError.swift in Sources */,
				031CA4456BCA8423DDDF1E0B8F1E3176 /* KingfisherManager.swift in Sources */,
				B0BA2279FC0FDA3F2211AADB31E7B7F5 /* KingfisherOptionsInfo.swift in Sources */,
				4C86DED25F5BA43AD08F8075D4C439E0 /* MemoryStorage.swift in Sources */,
				421FCFB7ED11E370A145226ABF1B6C54 /* NSButton+Kingfisher.swift in Sources */,
				2FD28CBD32D86FAD689D4279639DB9A9 /* NSTextAttachment+Kingfisher.swift in Sources */,
				C667DC6BB83C05C146908E6DF56D771C /* Placeholder.swift in Sources */,
				99671A0F3D6AF135D305284731A594BB /* RedirectHandler.swift in Sources */,
				B17EB685290C5AE0832DEEE48AC1AE49 /* RequestModifier.swift in Sources */,
				06F4CE9E4328FB3D26839CFB41C38B5C /* Resource.swift in Sources */,
				831D803491D1A9131B3204B29CC4BC8A /* Result.swift in Sources */,
				A01B208EB6C223564DF09799933E463B /* RetryStrategy.swift in Sources */,
				8B0E48E01C53D243F23AB1DA47B62E24 /* Runtime.swift in Sources */,
				E43360AE019883A148FF1CA5AB1F79CF /* SessionDataTask.swift in Sources */,
				923D73A0EF1E8C7E6CBA320703A711B7 /* SessionDelegate.swift in Sources */,
				2AB39E2673F7A94F72BD84CD093E318E /* SizeExtensions.swift in Sources */,
				81664B7EB0A191C769C2911FAE80EABB /* Source.swift in Sources */,
				F1435F4D19772B0839478794E4343DEF /* Storage.swift in Sources */,
				1902064537BA2FA45ABAC2D4DAD09A3D /* String+MD5.swift in Sources */,
				9B2FC14D2BA23D8681BE88BE7A699E06 /* TVMonogramView+Kingfisher.swift in Sources */,
				93C5E506150CBB77C67BD528AE63B128 /* UIButton+Kingfisher.swift in Sources */,
				217DAFD6CFD94567B14D461AA32F942E /* WKInterfaceImage+Kingfisher.swift in Sources */,
			);
			runOnlyForDeploymentPostprocessing = 0;
		};
		2C8326877F6A9617C2FBE9BD15D95B59 /* Sources */ = {
			isa = PBXSourcesBuildPhase;
			buildActionMask = 2147483647;
			files = (
				1208E81DA8B532D0646D627B50290EB6 /* AFError.swift in Sources */,
				C6D5A4B4028B2C43380C9FA58BD5C8CA /* Alamofire-dummy.m in Sources */,
				C1F1DB6A9CBDE584D09BA1613AAD4F9D /* Alamofire.swift in Sources */,
				72EC2712926E6D28B52360D9AC41668F /* AlamofireExtended.swift in Sources */,
				DC627AFC5B585686898B014184AFCABD /* AuthenticationInterceptor.swift in Sources */,
				ABA85887A41495358C83CE3F3030EDEA /* CachedResponseHandler.swift in Sources */,
				0A1849775CF90D514963187D3A771CF8 /* Combine.swift in Sources */,
				27E59A11A2743B0595CDE3A08675EAE1 /* DispatchQueue+Alamofire.swift in Sources */,
				6546D728B69398F93B506845141EBD61 /* EventMonitor.swift in Sources */,
				91B837CE0DCD8EDB300FCDFFA1279162 /* HTTPHeaders.swift in Sources */,
				013BAC24F7AC722E59517CB110A9E685 /* HTTPMethod.swift in Sources */,
				45B8CC1C61E7A0BB28CFA8CE7C12FEBC /* MultipartFormData.swift in Sources */,
				D03F1F02DE8606E6057D57866611BEBF /* MultipartUpload.swift in Sources */,
				19D605A3233499828FB6B790869F3E9C /* NetworkReachabilityManager.swift in Sources */,
				8AA937910F87915DE700CAB6C868689E /* Notifications.swift in Sources */,
				0A900DF17E3B64F08AF673E9A0DDD697 /* OperationQueue+Alamofire.swift in Sources */,
				4AEC050FA7D5ED52FDA9DF50EA3560DF /* ParameterEncoder.swift in Sources */,
				D14066FAE94E304798E43651E5886D13 /* ParameterEncoding.swift in Sources */,
				218C14EAE5AA31C30314AE0289B732A0 /* Protected.swift in Sources */,
				666EC5C8356E6D4448A2FE7BEE77AD88 /* RedirectHandler.swift in Sources */,
				EDC93BD7B9262119AE145E4C7A9D0212 /* Request.swift in Sources */,
				6E54F64E8DA73F4B0B46C216F9F93F63 /* RequestInterceptor.swift in Sources */,
				6C08F6A77889651626583100F560153D /* RequestTaskMap.swift in Sources */,
				C1C5B050B55C15103ABC81769551A283 /* Response.swift in Sources */,
				911448B2EDA2FF880108F77642797A88 /* ResponseSerialization.swift in Sources */,
				66B26C6CAE737EC21F4BA1F1851B69C5 /* Result+Alamofire.swift in Sources */,
				9FED70D1E1FBFB80E974E999EF732258 /* RetryPolicy.swift in Sources */,
				47FDBBBD2704901588C3A7C56BBC502D /* ServerTrustEvaluation.swift in Sources */,
				6AE407A4FB6C3D6ADD862CC6E3067A17 /* Session.swift in Sources */,
				381FF05F8B4F611EE9C2FDBE4457BB89 /* SessionDelegate.swift in Sources */,
				212EDC48B68107BEA9247F3464CE696E /* StringEncoding+Alamofire.swift in Sources */,
				9B1D8A7798D8A6F518FC9AF9725431D0 /* URLConvertible+URLRequestConvertible.swift in Sources */,
				D31FC7FDD450C4CDD633ECBAD27C6221 /* URLEncodedFormEncoder.swift in Sources */,
				D5EAAFB6FAD77A8F0699345149BA3CBB /* URLRequest+Alamofire.swift in Sources */,
				F70EF854395CDE981A8336E4FF0310FE /* URLSessionConfiguration+Alamofire.swift in Sources */,
				F0F3224FF592F9BA2A044A2FC2BD4CCD /* Validation.swift in Sources */,
			);
			runOnlyForDeploymentPostprocessing = 0;
		};
		3607B69DE50ADB83116C6CC5D32CDBFD /* Sources */ = {
			isa = PBXSourcesBuildPhase;
			buildActionMask = 2147483647;
			files = (
				B6D7BA13D79607F505AF0479785E8D6C /* Pods-HeroisMarvel-dummy.m in Sources */,
			);
			runOnlyForDeploymentPostprocessing = 0;
		};
		B4E513EB26947975E2AF8C7307856B7B /* Sources */ = {
			isa = PBXSourcesBuildPhase;
			buildActionMask = 2147483647;
			files = (
				8C877089C2E9BD31868D7D50555C850C /* MD5.swift in Sources */,
				F5547150C169E9F26AA70496615CB8A3 /* SHA1.swift in Sources */,
				2E628B42E711FDF7E5CCA868DB0C86A1 /* SwiftHash-dummy.m in Sources */,
			);
			runOnlyForDeploymentPostprocessing = 0;
		};
/* End PBXSourcesBuildPhase section */

/* Begin PBXTargetDependency section */
		74071E9313F8FF95B7BB739D08225B38 /* PBXTargetDependency */ = {
			isa = PBXTargetDependency;
			name = SwiftHash;
			target = 494DBBFB6F106086A846FDCAC2F759BA /* SwiftHash */;
			targetProxy = 0C082A5827A9240C84F05102BF50CEEE /* PBXContainerItemProxy */;
		};
		AE11E90FDE9BAE3C8854A289C74CCA39 /* PBXTargetDependency */ = {
			isa = PBXTargetDependency;
			name = Kingfisher;
			target = E8022D22FAA6690B5E1C379C1BCE1491 /* Kingfisher */;
			targetProxy = 78C237E4E77399A071BAC45C1F489A58 /* PBXContainerItemProxy */;
		};
		C6DFF669FBC186E25346F9D48853BF15 /* PBXTargetDependency */ = {
			isa = PBXTargetDependency;
			name = Alamofire;
			target = EAAA1AD3A8A1B59AB91319EE40752C6D /* Alamofire */;
			targetProxy = 74677FD844D0C58ABA8523994D17AF41 /* PBXContainerItemProxy */;
		};
/* End PBXTargetDependency section */

/* Begin XCBuildConfiguration section */
		4BBC690A6118D48CB05AA59EFB1004AB /* Debug */ = {
			isa = XCBuildConfiguration;
			baseConfigurationReference = B4E670B87039610A6A08581AED6888EF /* Alamofire.xcconfig */;
			buildSettings = {
				ARCHS = "$(ARCHS_STANDARD_64_BIT)";
				CLANG_ENABLE_OBJC_WEAK = NO;
				"CODE_SIGN_IDENTITY[sdk=appletvos*]" = "";
				"CODE_SIGN_IDENTITY[sdk=iphoneos*]" = "";
				"CODE_SIGN_IDENTITY[sdk=watchos*]" = "";
				CURRENT_PROJECT_VERSION = 1;
				DEFINES_MODULE = YES;
				DYLIB_COMPATIBILITY_VERSION = 1;
				DYLIB_CURRENT_VERSION = 1;
				DYLIB_INSTALL_NAME_BASE = "@rpath";
				GCC_PREFIX_HEADER = "Target Support Files/Alamofire/Alamofire-prefix.pch";
				INFOPLIST_FILE = "Target Support Files/Alamofire/Alamofire-Info.plist";
				INSTALL_PATH = "$(LOCAL_LIBRARY_DIR)/Frameworks";
				IPHONEOS_DEPLOYMENT_TARGET = 10.0;
				LD_RUNPATH_SEARCH_PATHS = "$(inherited) @executable_path/Frameworks @loader_path/Frameworks";
				MODULEMAP_FILE = "Target Support Files/Alamofire/Alamofire.modulemap";
				PRODUCT_MODULE_NAME = Alamofire;
				PRODUCT_NAME = Alamofire;
				SDKROOT = iphoneos;
				SKIP_INSTALL = YES;
				SWIFT_ACTIVE_COMPILATION_CONDITIONS = "$(inherited) ";
				SWIFT_VERSION = 5.3;
				TARGETED_DEVICE_FAMILY = "1,2";
				VERSIONING_SYSTEM = "apple-generic";
				VERSION_INFO_PREFIX = "";
			};
			name = Debug;
		};
		81569798F98BC06481931FD0BD75C0A1 /* Debug */ = {
			isa = XCBuildConfiguration;
			baseConfigurationReference = 7732996CBAB589F0F3C7DC63EBBA8915 /* Pods-HeroisMarvel.debug.xcconfig */;
			buildSettings = {
				ALWAYS_EMBED_SWIFT_STANDARD_LIBRARIES = NO;
				ARCHS = "$(ARCHS_STANDARD_64_BIT)";
				CLANG_ENABLE_OBJC_WEAK = NO;
				"CODE_SIGN_IDENTITY[sdk=appletvos*]" = "";
				"CODE_SIGN_IDENTITY[sdk=iphoneos*]" = "";
				"CODE_SIGN_IDENTITY[sdk=watchos*]" = "";
				CURRENT_PROJECT_VERSION = 1;
				DEFINES_MODULE = YES;
				DYLIB_COMPATIBILITY_VERSION = 1;
				DYLIB_CURRENT_VERSION = 1;
				DYLIB_INSTALL_NAME_BASE = "@rpath";
				INFOPLIST_FILE = "Target Support Files/Pods-HeroisMarvel/Pods-HeroisMarvel-Info.plist";
				INSTALL_PATH = "$(LOCAL_LIBRARY_DIR)/Frameworks";
				IPHONEOS_DEPLOYMENT_TARGET = 11.0;
				LD_RUNPATH_SEARCH_PATHS = "$(inherited) @executable_path/Frameworks @loader_path/Frameworks";
				MACH_O_TYPE = staticlib;
				MODULEMAP_FILE = "Target Support Files/Pods-HeroisMarvel/Pods-HeroisMarvel.modulemap";
				OTHER_LDFLAGS = "";
				OTHER_LIBTOOLFLAGS = "";
				PODS_ROOT = "$(SRCROOT)";
				PRODUCT_BUNDLE_IDENTIFIER = "org.cocoapods.${PRODUCT_NAME:rfc1034identifier}";
				PRODUCT_NAME = "$(TARGET_NAME:c99extidentifier)";
				SDKROOT = iphoneos;
				SKIP_INSTALL = YES;
				TARGETED_DEVICE_FAMILY = "1,2";
				VERSIONING_SYSTEM = "apple-generic";
				VERSION_INFO_PREFIX = "";
			};
			name = Debug;
		};
		823104EFA853118F352740D360A0234B /* Debug */ = {
			isa = XCBuildConfiguration;
			baseConfigurationReference = 0943277781EE5FE6502591BDC72EDEF3 /* Kingfisher.xcconfig */;
			buildSettings = {
				ARCHS = "$(ARCHS_STANDARD_64_BIT)";
				CLANG_ENABLE_OBJC_WEAK = NO;
				"CODE_SIGN_IDENTITY[sdk=appletvos*]" = "";
				"CODE_SIGN_IDENTITY[sdk=iphoneos*]" = "";
				"CODE_SIGN_IDENTITY[sdk=watchos*]" = "";
				CURRENT_PROJECT_VERSION = 1;
				DEFINES_MODULE = YES;
				DYLIB_COMPATIBILITY_VERSION = 1;
				DYLIB_CURRENT_VERSION = 1;
				DYLIB_INSTALL_NAME_BASE = "@rpath";
				GCC_PREFIX_HEADER = "Target Support Files/Kingfisher/Kingfisher-prefix.pch";
				INFOPLIST_FILE = "Target Support Files/Kingfisher/Kingfisher-Info.plist";
				INSTALL_PATH = "$(LOCAL_LIBRARY_DIR)/Frameworks";
				IPHONEOS_DEPLOYMENT_TARGET = 10.0;
				LD_RUNPATH_SEARCH_PATHS = "$(inherited) @executable_path/Frameworks @loader_path/Frameworks";
				MODULEMAP_FILE = "Target Support Files/Kingfisher/Kingfisher.modulemap";
				PRODUCT_MODULE_NAME = Kingfisher;
				PRODUCT_NAME = Kingfisher;
				SDKROOT = iphoneos;
				SKIP_INSTALL = YES;
				SWIFT_ACTIVE_COMPILATION_CONDITIONS = "$(inherited) ";
				SWIFT_VERSION = 5.0;
				TARGETED_DEVICE_FAMILY = "1,2";
				VERSIONING_SYSTEM = "apple-generic";
				VERSION_INFO_PREFIX = "";
			};
			name = Debug;
		};
		882B13477F0B63DA6AB838AF3561D019 /* Release */ = {
			isa = XCBuildConfiguration;
			baseConfigurationReference = DC0EFF024D04C2AF5CC17B7D0DBF9FDC /* Pods-HeroisMarvel.release.xcconfig */;
			buildSettings = {
				ALWAYS_EMBED_SWIFT_STANDARD_LIBRARIES = NO;
				ARCHS = "$(ARCHS_STANDARD_64_BIT)";
				CLANG_ENABLE_OBJC_WEAK = NO;
				"CODE_SIGN_IDENTITY[sdk=appletvos*]" = "";
				"CODE_SIGN_IDENTITY[sdk=iphoneos*]" = "";
				"CODE_SIGN_IDENTITY[sdk=watchos*]" = "";
				CURRENT_PROJECT_VERSION = 1;
				DEFINES_MODULE = YES;
				DYLIB_COMPATIBILITY_VERSION = 1;
				DYLIB_CURRENT_VERSION = 1;
				DYLIB_INSTALL_NAME_BASE = "@rpath";
				INFOPLIST_FILE = "Target Support Files/Pods-HeroisMarvel/Pods-HeroisMarvel-Info.plist";
				INSTALL_PATH = "$(LOCAL_LIBRARY_DIR)/Frameworks";
				IPHONEOS_DEPLOYMENT_TARGET = 11.0;
				LD_RUNPATH_SEARCH_PATHS = "$(inherited) @executable_path/Frameworks @loader_path/Frameworks";
				MACH_O_TYPE = staticlib;
				MODULEMAP_FILE = "Target Support Files/Pods-HeroisMarvel/Pods-HeroisMarvel.modulemap";
				OTHER_LDFLAGS = "";
				OTHER_LIBTOOLFLAGS = "";
				PODS_ROOT = "$(SRCROOT)";
				PRODUCT_BUNDLE_IDENTIFIER = "org.cocoapods.${PRODUCT_NAME:rfc1034identifier}";
				PRODUCT_NAME = "$(TARGET_NAME:c99extidentifier)";
				SDKROOT = iphoneos;
				SKIP_INSTALL = YES;
				TARGETED_DEVICE_FAMILY = "1,2";
				VALIDATE_PRODUCT = YES;
				VERSIONING_SYSTEM = "apple-generic";
				VERSION_INFO_PREFIX = "";
			};
			name = Release;
		};
		9370B9BFF0DD3C8FC10D01BB70DF1936 /* Debug */ = {
			isa = XCBuildConfiguration;
			baseConfigurationReference = 4104F988228E273FE810F69C2C0B53F5 /* SwiftHash.xcconfig */;
			buildSettings = {
				ARCHS = "$(ARCHS_STANDARD_64_BIT)";
				"CODE_SIGN_IDENTITY[sdk=appletvos*]" = "";
				"CODE_SIGN_IDENTITY[sdk=iphoneos*]" = "";
				"CODE_SIGN_IDENTITY[sdk=watchos*]" = "";
				CURRENT_PROJECT_VERSION = 1;
				DEFINES_MODULE = YES;
				DYLIB_COMPATIBILITY_VERSION = 1;
				DYLIB_CURRENT_VERSION = 1;
				DYLIB_INSTALL_NAME_BASE = "@rpath";
				GCC_PREFIX_HEADER = "Target Support Files/SwiftHash/SwiftHash-prefix.pch";
				INFOPLIST_FILE = "Target Support Files/SwiftHash/SwiftHash-Info.plist";
				INSTALL_PATH = "$(LOCAL_LIBRARY_DIR)/Frameworks";
				IPHONEOS_DEPLOYMENT_TARGET = 8.0;
				LD_RUNPATH_SEARCH_PATHS = "$(inherited) @executable_path/Frameworks @loader_path/Frameworks";
				MODULEMAP_FILE = "Target Support Files/SwiftHash/SwiftHash.modulemap";
				PRODUCT_MODULE_NAME = SwiftHash;
				PRODUCT_NAME = SwiftHash;
				SDKROOT = iphoneos;
				SKIP_INSTALL = YES;
				SWIFT_ACTIVE_COMPILATION_CONDITIONS = "$(inherited) ";
				TARGETED_DEVICE_FAMILY = "1,2";
				VERSIONING_SYSTEM = "apple-generic";
				VERSION_INFO_PREFIX = "";
			};
			name = Debug;
		};
		A80F31491C9DADB0F8B6DB7459BE9496 /* Release */ = {
			isa = XCBuildConfiguration;
			buildSettings = {
				ALWAYS_SEARCH_USER_PATHS = NO;
				CLANG_ANALYZER_NONNULL = YES;
				CLANG_ANALYZER_NUMBER_OBJECT_CONVERSION = YES_AGGRESSIVE;
				CLANG_CXX_LANGUAGE_STANDARD = "gnu++14";
				CLANG_CXX_LIBRARY = "libc++";
				CLANG_ENABLE_MODULES = YES;
				CLANG_ENABLE_OBJC_ARC = YES;
				CLANG_ENABLE_OBJC_WEAK = YES;
				CLANG_WARN_BLOCK_CAPTURE_AUTORELEASING = YES;
				CLANG_WARN_BOOL_CONVERSION = YES;
				CLANG_WARN_COMMA = YES;
				CLANG_WARN_CONSTANT_CONVERSION = YES;
				CLANG_WARN_DEPRECATED_OBJC_IMPLEMENTATIONS = YES;
				CLANG_WARN_DIRECT_OBJC_ISA_USAGE = YES_ERROR;
				CLANG_WARN_DOCUMENTATION_COMMENTS = YES;
				CLANG_WARN_EMPTY_BODY = YES;
				CLANG_WARN_ENUM_CONVERSION = YES;
				CLANG_WARN_INFINITE_RECURSION = YES;
				CLANG_WARN_INT_CONVERSION = YES;
				CLANG_WARN_NON_LITERAL_NULL_CONVERSION = YES;
				CLANG_WARN_OBJC_IMPLICIT_RETAIN_SELF = YES;
				CLANG_WARN_OBJC_LITERAL_CONVERSION = YES;
				CLANG_WARN_OBJC_ROOT_CLASS = YES_ERROR;
				CLANG_WARN_QUOTED_INCLUDE_IN_FRAMEWORK_HEADER = YES;
				CLANG_WARN_RANGE_LOOP_ANALYSIS = YES;
				CLANG_WARN_STRICT_PROTOTYPES = YES;
				CLANG_WARN_SUSPICIOUS_MOVE = YES;
				CLANG_WARN_UNGUARDED_AVAILABILITY = YES_AGGRESSIVE;
				CLANG_WARN_UNREACHABLE_CODE = YES;
				CLANG_WARN__DUPLICATE_METHOD_MATCH = YES;
				COPY_PHASE_STRIP = NO;
				DEBUG_INFORMATION_FORMAT = "dwarf-with-dsym";
				ENABLE_NS_ASSERTIONS = NO;
				ENABLE_STRICT_OBJC_MSGSEND = YES;
				GCC_C_LANGUAGE_STANDARD = gnu11;
				GCC_NO_COMMON_BLOCKS = YES;
				GCC_PREPROCESSOR_DEFINITIONS = (
					"POD_CONFIGURATION_RELEASE=1",
					"$(inherited)",
				);
				GCC_WARN_64_TO_32_BIT_CONVERSION = YES;
				GCC_WARN_ABOUT_RETURN_TYPE = YES_ERROR;
				GCC_WARN_UNDECLARED_SELECTOR = YES;
				GCC_WARN_UNINITIALIZED_AUTOS = YES_AGGRESSIVE;
				GCC_WARN_UNUSED_FUNCTION = YES;
				GCC_WARN_UNUSED_VARIABLE = YES;
				IPHONEOS_DEPLOYMENT_TARGET = 11.0;
				MTL_ENABLE_DEBUG_INFO = NO;
				MTL_FAST_MATH = YES;
				PRODUCT_NAME = "$(TARGET_NAME)";
				STRIP_INSTALLED_PRODUCT = NO;
				SWIFT_COMPILATION_MODE = wholemodule;
				SWIFT_OPTIMIZATION_LEVEL = "-O";
				SWIFT_VERSION = 5.0;
				SYMROOT = "${SRCROOT}/../build";
			};
			name = Release;
		};
		B9C7698B38D09B8EB380EE205AF889B0 /* Debug */ = {
			isa = XCBuildConfiguration;
			buildSettings = {
				ALWAYS_SEARCH_USER_PATHS = NO;
				CLANG_ANALYZER_NONNULL = YES;
				CLANG_ANALYZER_NUMBER_OBJECT_CONVERSION = YES_AGGRESSIVE;
				CLANG_CXX_LANGUAGE_STANDARD = "gnu++14";
				CLANG_CXX_LIBRARY = "libc++";
				CLANG_ENABLE_MODULES = YES;
				CLANG_ENABLE_OBJC_ARC = YES;
				CLANG_ENABLE_OBJC_WEAK = YES;
				CLANG_WARN_BLOCK_CAPTURE_AUTORELEASING = YES;
				CLANG_WARN_BOOL_CONVERSION = YES;
				CLANG_WARN_COMMA = YES;
				CLANG_WARN_CONSTANT_CONVERSION = YES;
				CLANG_WARN_DEPRECATED_OBJC_IMPLEMENTATIONS = YES;
				CLANG_WARN_DIRECT_OBJC_ISA_USAGE = YES_ERROR;
				CLANG_WARN_DOCUMENTATION_COMMENTS = YES;
				CLANG_WARN_EMPTY_BODY = YES;
				CLANG_WARN_ENUM_CONVERSION = YES;
				CLANG_WARN_INFINITE_RECURSION = YES;
				CLANG_WARN_INT_CONVERSION = YES;
				CLANG_WARN_NON_LITERAL_NULL_CONVERSION = YES;
				CLANG_WARN_OBJC_IMPLICIT_RETAIN_SELF = YES;
				CLANG_WARN_OBJC_LITERAL_CONVERSION = YES;
				CLANG_WARN_OBJC_ROOT_CLASS = YES_ERROR;
				CLANG_WARN_QUOTED_INCLUDE_IN_FRAMEWORK_HEADER = YES;
				CLANG_WARN_RANGE_LOOP_ANALYSIS = YES;
				CLANG_WARN_STRICT_PROTOTYPES = YES;
				CLANG_WARN_SUSPICIOUS_MOVE = YES;
				CLANG_WARN_UNGUARDED_AVAILABILITY = YES_AGGRESSIVE;
				CLANG_WARN_UNREACHABLE_CODE = YES;
				CLANG_WARN__DUPLICATE_METHOD_MATCH = YES;
				COPY_PHASE_STRIP = NO;
				DEBUG_INFORMATION_FORMAT = dwarf;
				ENABLE_STRICT_OBJC_MSGSEND = YES;
				ENABLE_TESTABILITY = YES;
				GCC_C_LANGUAGE_STANDARD = gnu11;
				GCC_DYNAMIC_NO_PIC = NO;
				GCC_NO_COMMON_BLOCKS = YES;
				GCC_OPTIMIZATION_LEVEL = 0;
				GCC_PREPROCESSOR_DEFINITIONS = (
					"POD_CONFIGURATION_DEBUG=1",
					"DEBUG=1",
					"$(inherited)",
				);
				GCC_WARN_64_TO_32_BIT_CONVERSION = YES;
				GCC_WARN_ABOUT_RETURN_TYPE = YES_ERROR;
				GCC_WARN_UNDECLARED_SELECTOR = YES;
				GCC_WARN_UNINITIALIZED_AUTOS = YES_AGGRESSIVE;
				GCC_WARN_UNUSED_FUNCTION = YES;
				GCC_WARN_UNUSED_VARIABLE = YES;
				IPHONEOS_DEPLOYMENT_TARGET = 11.0;
				MTL_ENABLE_DEBUG_INFO = INCLUDE_SOURCE;
				MTL_FAST_MATH = YES;
				ONLY_ACTIVE_ARCH = YES;
				PRODUCT_NAME = "$(TARGET_NAME)";
				STRIP_INSTALLED_PRODUCT = NO;
				SWIFT_ACTIVE_COMPILATION_CONDITIONS = DEBUG;
				SWIFT_OPTIMIZATION_LEVEL = "-Onone";
				SWIFT_VERSION = 5.0;
				SYMROOT = "${SRCROOT}/../build";
			};
			name = Debug;
		};
		BB7BE12C894007BD1497D6ED15566D7F /* Release */ = {
			isa = XCBuildConfiguration;
			baseConfigurationReference = 0943277781EE5FE6502591BDC72EDEF3 /* Kingfisher.xcconfig */;
			buildSettings = {
				ARCHS = "$(ARCHS_STANDARD_64_BIT)";
				CLANG_ENABLE_OBJC_WEAK = NO;
				"CODE_SIGN_IDENTITY[sdk=appletvos*]" = "";
				"CODE_SIGN_IDENTITY[sdk=iphoneos*]" = "";
				"CODE_SIGN_IDENTITY[sdk=watchos*]" = "";
				CURRENT_PROJECT_VERSION = 1;
				DEFINES_MODULE = YES;
				DYLIB_COMPATIBILITY_VERSION = 1;
				DYLIB_CURRENT_VERSION = 1;
				DYLIB_INSTALL_NAME_BASE = "@rpath";
				GCC_PREFIX_HEADER = "Target Support Files/Kingfisher/Kingfisher-prefix.pch";
				INFOPLIST_FILE = "Target Support Files/Kingfisher/Kingfisher-Info.plist";
				INSTALL_PATH = "$(LOCAL_LIBRARY_DIR)/Frameworks";
				IPHONEOS_DEPLOYMENT_TARGET = 10.0;
				LD_RUNPATH_SEARCH_PATHS = "$(inherited) @executable_path/Frameworks @loader_path/Frameworks";
				MODULEMAP_FILE = "Target Support Files/Kingfisher/Kingfisher.modulemap";
				PRODUCT_MODULE_NAME = Kingfisher;
				PRODUCT_NAME = Kingfisher;
				SDKROOT = iphoneos;
				SKIP_INSTALL = YES;
				SWIFT_ACTIVE_COMPILATION_CONDITIONS = "$(inherited) ";
				SWIFT_VERSION = 5.0;
				TARGETED_DEVICE_FAMILY = "1,2";
				VALIDATE_PRODUCT = YES;
				VERSIONING_SYSTEM = "apple-generic";
				VERSION_INFO_PREFIX = "";
			};
			name = Release;
		};
		CE76D4487E537C86F81961FEEB93076C /* Release */ = {
			isa = XCBuildConfiguration;
			baseConfigurationReference = 4104F988228E273FE810F69C2C0B53F5 /* SwiftHash.xcconfig */;
			buildSettings = {
				ARCHS = "$(ARCHS_STANDARD_64_BIT)";
				"CODE_SIGN_IDENTITY[sdk=appletvos*]" = "";
				"CODE_SIGN_IDENTITY[sdk=iphoneos*]" = "";
				"CODE_SIGN_IDENTITY[sdk=watchos*]" = "";
				CURRENT_PROJECT_VERSION = 1;
				DEFINES_MODULE = YES;
				DYLIB_COMPATIBILITY_VERSION = 1;
				DYLIB_CURRENT_VERSION = 1;
				DYLIB_INSTALL_NAME_BASE = "@rpath";
				GCC_PREFIX_HEADER = "Target Support Files/SwiftHash/SwiftHash-prefix.pch";
				INFOPLIST_FILE = "Target Support Files/SwiftHash/SwiftHash-Info.plist";
				INSTALL_PATH = "$(LOCAL_LIBRARY_DIR)/Frameworks";
				IPHONEOS_DEPLOYMENT_TARGET = 8.0;
				LD_RUNPATH_SEARCH_PATHS = "$(inherited) @executable_path/Frameworks @loader_path/Frameworks";
				MODULEMAP_FILE = "Target Support Files/SwiftHash/SwiftHash.modulemap";
				PRODUCT_MODULE_NAME = SwiftHash;
				PRODUCT_NAME = SwiftHash;
				SDKROOT = iphoneos;
				SKIP_INSTALL = YES;
				SWIFT_ACTIVE_COMPILATION_CONDITIONS = "$(inherited) ";
				TARGETED_DEVICE_FAMILY = "1,2";
				VALIDATE_PRODUCT = YES;
				VERSIONING_SYSTEM = "apple-generic";
				VERSION_INFO_PREFIX = "";
			};
			name = Release;
		};
		D8E74604FDE4049E927240AC5C66DE72 /* Release */ = {
			isa = XCBuildConfiguration;
			baseConfigurationReference = B4E670B87039610A6A08581AED6888EF /* Alamofire.xcconfig */;
			buildSettings = {
				ARCHS = "$(ARCHS_STANDARD_64_BIT)";
				CLANG_ENABLE_OBJC_WEAK = NO;
				"CODE_SIGN_IDENTITY[sdk=appletvos*]" = "";
				"CODE_SIGN_IDENTITY[sdk=iphoneos*]" = "";
				"CODE_SIGN_IDENTITY[sdk=watchos*]" = "";
				CURRENT_PROJECT_VERSION = 1;
				DEFINES_MODULE = YES;
				DYLIB_COMPATIBILITY_VERSION = 1;
				DYLIB_CURRENT_VERSION = 1;
				DYLIB_INSTALL_NAME_BASE = "@rpath";
				GCC_PREFIX_HEADER = "Target Support Files/Alamofire/Alamofire-prefix.pch";
				INFOPLIST_FILE = "Target Support Files/Alamofire/Alamofire-Info.plist";
				INSTALL_PATH = "$(LOCAL_LIBRARY_DIR)/Frameworks";
				IPHONEOS_DEPLOYMENT_TARGET = 10.0;
				LD_RUNPATH_SEARCH_PATHS = "$(inherited) @executable_path/Frameworks @loader_path/Frameworks";
				MODULEMAP_FILE = "Target Support Files/Alamofire/Alamofire.modulemap";
				PRODUCT_MODULE_NAME = Alamofire;
				PRODUCT_NAME = Alamofire;
				SDKROOT = iphoneos;
				SKIP_INSTALL = YES;
				SWIFT_ACTIVE_COMPILATION_CONDITIONS = "$(inherited) ";
				SWIFT_VERSION = 5.3;
				TARGETED_DEVICE_FAMILY = "1,2";
				VALIDATE_PRODUCT = YES;
				VERSIONING_SYSTEM = "apple-generic";
				VERSION_INFO_PREFIX = "";
			};
			name = Release;
		};
/* End XCBuildConfiguration section */

/* Begin XCConfigurationList section */
		4821239608C13582E20E6DA73FD5F1F9 /* Build configuration list for PBXProject "Pods" */ = {
			isa = XCConfigurationList;
			buildConfigurations = (
				B9C7698B38D09B8EB380EE205AF889B0 /* Debug */,
				A80F31491C9DADB0F8B6DB7459BE9496 /* Release */,
			);
			defaultConfigurationIsVisible = 0;
			defaultConfigurationName = Release;
		};
		48221DE634870C089E8743DD5B752271 /* Build configuration list for PBXNativeTarget "Pods-HeroisMarvel" */ = {
			isa = XCConfigurationList;
			buildConfigurations = (
				81569798F98BC06481931FD0BD75C0A1 /* Debug */,
				882B13477F0B63DA6AB838AF3561D019 /* Release */,
			);
			defaultConfigurationIsVisible = 0;
			defaultConfigurationName = Release;
		};
		632C3FA67581BFD4D8AD5EA50EF27810 /* Build configuration list for PBXNativeTarget "Kingfisher" */ = {
			isa = XCConfigurationList;
			buildConfigurations = (
				823104EFA853118F352740D360A0234B /* Debug */,
				BB7BE12C894007BD1497D6ED15566D7F /* Release */,
			);
			defaultConfigurationIsVisible = 0;
			defaultConfigurationName = Release;
		};
		78E219AC01CD5AFED663C9AB28280801 /* Build configuration list for PBXNativeTarget "Alamofire" */ = {
			isa = XCConfigurationList;
			buildConfigurations = (
				4BBC690A6118D48CB05AA59EFB1004AB /* Debug */,
				D8E74604FDE4049E927240AC5C66DE72 /* Release */,
			);
			defaultConfigurationIsVisible = 0;
			defaultConfigurationName = Release;
		};
		7BA1CB8339389D8B606C8614B54E6AC1 /* Build configuration list for PBXNativeTarget "SwiftHash" */ = {
			isa = XCConfigurationList;
			buildConfigurations = (
				9370B9BFF0DD3C8FC10D01BB70DF1936 /* Debug */,
				CE76D4487E537C86F81961FEEB93076C /* Release */,
			);
			defaultConfigurationIsVisible = 0;
			defaultConfigurationName = Release;
		};
/* End XCConfigurationList section */
	};
	rootObject = BFDFE7DC352907FC980B868725387E98 /* Project object */;
}
